// !$*UTF8*$!
{
	archiveVersion = 1;
	classes = {
	};
	objectVersion = 77;
	objects = {

/* Begin PBXBuildFile section */
		01BDF40547F84FF65028E0F6 /* BrandGlyphs.swift in Sources */ = {isa = PBXBuildFile; fileRef = 7FBDA8811F5327386705F966 /* BrandGlyphs.swift */; };
		08BF67271CCF023BDC039064 /* LLMClient.swift in Sources */ = {isa = PBXBuildFile; fileRef = 6AA6D17ACC5DAE46C1DCD544 /* LLMClient.swift */; };
		0B7C8A4EADFF211F73501A67 /* LLMConfigCard.swift in Sources */ = {isa = PBXBuildFile; fileRef = A91E02C327C1271FC673E338 /* LLMConfigCard.swift */; };
		197D71B92436193B5A67522F /* VoiceBrotherApp.swift in Sources */ = {isa = PBXBuildFile; fileRef = 4D2C9AE3D98214A71B7B12FA /* VoiceBrotherApp.swift */; };
		1A743652D73E7AA8B5428134 /* PermissionManager.swift in Sources */ = {isa = PBXBuildFile; fileRef = B9459A5947442DDC00D3DD5B /* PermissionManager.swift */; };
		1DDFB0C4D9DC22A72CA95F7B /* CustomToggleStyle.swift in Sources */ = {isa = PBXBuildFile; fileRef = 18D1D0DC27986E03A6CB74E8 /* CustomToggleStyle.swift */; };
		26237B1609F11FCCC59097AE /* MLX in Frameworks */ = {isa = PBXBuildFile; productRef = 42D6F49464E1F26CA62F361C /* MLX */; };
		2957FDFAC2401B205CE1990F /* RecordingOverlayPanel.swift in Sources */ = {isa = PBXBuildFile; fileRef = F25F933AFF3A8EA8D1D5DB8A /* RecordingOverlayPanel.swift */; };
		2AF551D771D6F9B8CEC1DBFE /* PermissionWarningSection.swift in Sources */ = {isa = PBXBuildFile; fileRef = 69BF7693DA068D87485ACB67 /* PermissionWarningSection.swift */; };
		2D02DB597BCBE49CD6AE24F2 /* CorrectionDiff.swift in Sources */ = {isa = PBXBuildFile; fileRef = 2EEF5D13BFC6B8890EB2C48A /* CorrectionDiff.swift */; };
		2DF267FDFA400B46ED0922D7 /* QwenASREngine.swift in Sources */ = {isa = PBXBuildFile; fileRef = 0273EF582119B27F8EDDC168 /* QwenASREngine.swift */; };
		31FCD2123930A08D1F90862F /* MonoTextExtension.swift in Sources */ = {isa = PBXBuildFile; fileRef = F0726936CE6B318E74B30739 /* MonoTextExtension.swift */; };
		369D97FCAE74CC6A79BE430F /* KeychainStore.swift in Sources */ = {isa = PBXBuildFile; fileRef = 7A6A4D1F2219051726ECB4B2 /* KeychainStore.swift */; };
		3E1C92F428CC0B2230432370 /* Types.swift in Sources */ = {isa = PBXBuildFile; fileRef = 04CC761B5F9222665E122AD4 /* Types.swift */; };
		400D2F8816BA75865550278F /* LearningJournal.swift in Sources */ = {isa = PBXBuildFile; fileRef = 4D922300BD73A8D9DA5D2E08 /* LearningJournal.swift */; };
		45235082877F2A9621BEAAB8 /* WindowCornerRadius.swift in Sources */ = {isa = PBXBuildFile; fileRef = AD720B3A08B338DA50B796C2 /* WindowCornerRadius.swift */; };
		50DAAB77B95390C564F7CAD0 /* ITNProcessor.swift in Sources */ = {isa = PBXBuildFile; fileRef = 5EAE1747CC0E65345D144202 /* ITNProcessor.swift */; };
		5C68077C4FCB3FE64FB997E0 /* MeetingTab.swift in Sources */ = {isa = PBXBuildFile; fileRef = B91C733849479633B3E935E2 /* MeetingTab.swift */; };
		5DD44FEC95C9991279FB4D0F /* RecordingWaveformView.swift in Sources */ = {isa = PBXBuildFile; fileRef = EC4BF1F6964D573B5D8417F2 /* RecordingWaveformView.swift */; };
		6483946F69558F5F78261BAE /* VisualEffectView.swift in Sources */ = {isa = PBXBuildFile; fileRef = 712371F785EA8395346EE597 /* VisualEffectView.swift */; };
		6C4278DC5793C7E1CEA71757 /* VoiceBrother.entitlements.xml in Resources */ = {isa = PBXBuildFile; fileRef = B0E4A4783E27440F692792FB /* VoiceBrother.entitlements.xml */; };
		6E3BBB9AFD2A4C3DE5D08D29 /* AppConfig.swift in Sources */ = {isa = PBXBuildFile; fileRef = CBC1983230B04D8175051312 /* AppConfig.swift */; };
		73695802B72444332F0218A2 /* ThemeManager.swift in Sources */ = {isa = PBXBuildFile; fileRef = AA96485141935F8D3A901C74 /* ThemeManager.swift */; };
		753F2471B39519FE269527DF /* ConfigManager.swift in Sources */ = {isa = PBXBuildFile; fileRef = 618E4FE0D82872465ADB3A5A /* ConfigManager.swift */; };
		767793B0742581350459C6E8 /* MeetingService.swift in Sources */ = {isa = PBXBuildFile; fileRef = A4A3C5798718512F61483F3E /* MeetingService.swift */; };
		76C7259F5A22AF4CA316643E /* FillerRemover.swift in Sources */ = {isa = PBXBuildFile; fileRef = AB3DCF3F0E5450D01CB50317 /* FillerRemover.swift */; };
		782DC31E109EB40D55FC6C40 /* WordCloudView.swift in Sources */ = {isa = PBXBuildFile; fileRef = 5E2A9A56FE6E602F4481A884 /* WordCloudView.swift */; };
		7B05CCD5B3C57A580B4944E2 /* TextProcessor.swift in Sources */ = {isa = PBXBuildFile; fileRef = CACA22E30D78D444CE425429 /* TextProcessor.swift */; };
		8215B577782A5FB898EF26E1 /* FocusObserver.swift in Sources */ = {isa = PBXBuildFile; fileRef = 7BD9E34981B3DCA3AEDB9E1C /* FocusObserver.swift */; };
		883D627EDF88B60036442BB2 /* MenuBarController.swift in Sources */ = {isa = PBXBuildFile; fileRef = BFFA63C5E5E9B82933FADD13 /* MenuBarController.swift */; };
		8DC41B48DF479B35829B42EB /* MainWindow.swift in Sources */ = {isa = PBXBuildFile; fileRef = AB980195C686C4C6C0115DAE /* MainWindow.swift */; };
		8F31BD1B02E840A2A7B9A999 /* VoiceService.swift in Sources */ = {isa = PBXBuildFile; fileRef = 9A468074BF22557328BEC1B4 /* VoiceService.swift */; };
		8F8B6F3327B6E348A296A00A /* Assets.xcassets in Resources */ = {isa = PBXBuildFile; fileRef = 64834C7163F197FF57940D43 /* Assets.xcassets */; };
		91D0487A66F229A16D72E978 /* ColorExtension.swift in Sources */ = {isa = PBXBuildFile; fileRef = 1F431F2DCA8289BBAA7EE4CC /* ColorExtension.swift */; };
		9380371B5F84CC1B86A759A8 /* Qwen3ASR in Frameworks */ = {isa = PBXBuildFile; productRef = 46F79E3B77595AD3DD93C2B1 /* Qwen3ASR */; };
		942DCBF1E3E686711E4FA217 /* MeetingScreenRecorder.swift in Sources */ = {isa = PBXBuildFile; fileRef = 67C06316E9322C08FC4F3533 /* MeetingScreenRecorder.swift */; };
		979F924204BCA0BA3B2191A9 /* SpeechVAD in Frameworks */ = {isa = PBXBuildFile; productRef = 55B3D80DBA09BE97B6544F8D /* SpeechVAD */; };
		9887D573A4C90E8E31A3BE80 /* VoiceSettingsSection.swift in Sources */ = {isa = PBXBuildFile; fileRef = 04C127BDE42D98FD9F44A2E3 /* VoiceSettingsSection.swift */; };
		9934D00AACE07F12F414D42B /* Speech.framework in Frameworks */ = {isa = PBXBuildFile; fileRef = CB171C4E055AD9A82414ACC2 /* Speech.framework */; };
		9A9AD02565A983E3754E150E /* AppleASREngine.swift in Sources */ = {isa = PBXBuildFile; fileRef = 89CD8D8801B4FD2AFEA9D00E /* AppleASREngine.swift */; };
		9D70E200AA4CAA07682C7864 /* Spacing.swift in Sources */ = {isa = PBXBuildFile; fileRef = 257C633BC36CFFA60F44CF29 /* Spacing.swift */; };
		9E9D423B41E8A140ECD7B790 /* AudioCommon in Frameworks */ = {isa = PBXBuildFile; productRef = E05A4E9FBE410A4059011359 /* AudioCommon */; };
		9ED4265F7900D222FEA4D09F /* MeetingSummarizer.swift in Sources */ = {isa = PBXBuildFile; fileRef = 401A81703AA7E808D83A58AC /* MeetingSummarizer.swift */; };
		9F013C063FE6D6BD2BB9A029 /* MeetingRetranscribeLauncher.swift in Sources */ = {isa = PBXBuildFile; fileRef = 1A26C1BF02BFFC43A9CC9F1B /* MeetingRetranscribeLauncher.swift */; };
		A000C33EC704A94E3DF8792B /* MeetingRetranscriber.swift in Sources */ = {isa = PBXBuildFile; fileRef = E1622D5512A94241E4C90F1C /* MeetingRetranscriber.swift */; };
		A12C1A2382438E0778E46C67 /* SectionHeader.swift in Sources */ = {isa = PBXBuildFile; fileRef = A74DA61B5963550F86BFF31A /* SectionHeader.swift */; };
		A8D82BB9E06F2F340C6DEDDF /* KeywordAnalyzer.swift in Sources */ = {isa = PBXBuildFile; fileRef = EA4F4CF0500652A724FEF61C /* KeywordAnalyzer.swift */; };
		AA950AF155F08BC30A56C078 /* CodexBadge.swift in Sources */ = {isa = PBXBuildFile; fileRef = 831F0A9B43BBA65A43F36854 /* CodexBadge.swift */; };
		AF4CCDB19A3169633F31F053 /* VolcanoASREngine.swift in Sources */ = {isa = PBXBuildFile; fileRef = 026BE19E04204876027CF857 /* VolcanoASREngine.swift */; };
		B3F13B758D7682CE72F6D16C /* KeyboardListener.swift in Sources */ = {isa = PBXBuildFile; fileRef = FCA68001D049DCFB4EE27FA8 /* KeyboardListener.swift */; };
		B4FD67B4D93E87791C24863C /* OnboardingView.swift in Sources */ = {isa = PBXBuildFile; fileRef = 546E70941CF1975F09F7AA00 /* OnboardingView.swift */; };
		B6C804B40F460A1DCD67053D /* GeneralSettingsSection.swift in Sources */ = {isa = PBXBuildFile; fileRef = EF56AA0B23F213E1FDE3BFFA /* GeneralSettingsSection.swift */; };
		BC0CEEE1B26A3CDC5113FF0B /* HistoryManager.swift in Sources */ = {isa = PBXBuildFile; fileRef = 280A44D90E387302862FA480 /* HistoryManager.swift */; };
		C452635A646F668E7C0F5D34 /* SettingsTab.swift in Sources */ = {isa = PBXBuildFile; fileRef = 19511C2932D8583DCD624991 /* SettingsTab.swift */; };
		C500E4BDE73AAFDE4458F673 /* TextInjector.swift in Sources */ = {isa = PBXBuildFile; fileRef = D5A94181FF7957445554CE72 /* TextInjector.swift */; };
		C5509120CE88343F43DA2C52 /* MeetingSettingsSection.swift in Sources */ = {isa = PBXBuildFile; fileRef = 887842E915004DAD1A172BC2 /* MeetingSettingsSection.swift */; };
		C8E9AC4C1C4B5DFCEB1F7B00 /* Protocols.swift in Sources */ = {isa = PBXBuildFile; fileRef = 95FFF5C2E04D7A8BE6BF5081 /* Protocols.swift */; };
		CE8F2B23ABF1030C978BA399 /* AppLogoView.swift in Sources */ = {isa = PBXBuildFile; fileRef = C2E077B78658D86929A971CA /* AppLogoView.swift */; };
		D71A8CE1641AA98200A0127E /* CorrectionLearningEngine.swift in Sources */ = {isa = PBXBuildFile; fileRef = 782DB3D201D113D7E9EB3FF3 /* CorrectionLearningEngine.swift */; };
		DFCE4150BF526871938CEBAC /* Qwen3Chat in Frameworks */ = {isa = PBXBuildFile; productRef = B98100A0333E9C9B14C8056E /* Qwen3Chat */; };
		E83F3C86783D991A0D3589BB /* StatusBarIcon.swift in Sources */ = {isa = PBXBuildFile; fileRef = AB3CFE433E400BEC9CB639D1 /* StatusBarIcon.swift */; };
		EA41A15ECB4ADDE600A174A5 /* AboutTab.swift in Sources */ = {isa = PBXBuildFile; fileRef = 560D607BF96DAFC7C3E9FA7D /* AboutTab.swift */; };
		EA883D08854ECE60F3D82722 /* MLXMemoryGovernor.swift in Sources */ = {isa = PBXBuildFile; fileRef = FF2D14A6F964D5F86A56270F /* MLXMemoryGovernor.swift */; };
		EBCD19B842033CF09A09AE7B /* HistoryTab.swift in Sources */ = {isa = PBXBuildFile; fileRef = 7396A941FD2ADCD9EBCC9D30 /* HistoryTab.swift */; };
		EF4CB40EFE4FCC80FB06DF64 /* DebugLog.swift in Sources */ = {isa = PBXBuildFile; fileRef = 0B3F6F6AFE960B0DC3672A7E /* DebugLog.swift */; };
		F51E10FA14699D86CF0CB9E3 /* VoiceTab.swift in Sources */ = {isa = PBXBuildFile; fileRef = 11CF4C808CEB180A855D734F /* VoiceTab.swift */; };
		FA4F962FCDAA601EB5DD989D /* ScreenCaptureKit.framework in Frameworks */ = {isa = PBXBuildFile; fileRef = 73F3B5815176CC85D1B445C5 /* ScreenCaptureKit.framework */; };
		FA5C9A99D84709247E94A592 /* CodexButtonStyles.swift in Sources */ = {isa = PBXBuildFile; fileRef = 94740B8A7C344B3E81B06211 /* CodexButtonStyles.swift */; };
		FFD41DB9C86194D12988201E /* FlowLayout.swift in Sources */ = {isa = PBXBuildFile; fileRef = EC1EE7FA17B723F54C061665 /* FlowLayout.swift */; };
/* End PBXBuildFile section */

/* Begin PBXFileReference section */
		026BE19E04204876027CF857 /* VolcanoASREngine.swift */ = {isa = PBXFileReference; lastKnownFileType = sourcecode.swift; path = VolcanoASREngine.swift; sourceTree = "<group>"; };
		0273EF582119B27F8EDDC168 /* QwenASREngine.swift */ = {isa = PBXFileReference; lastKnownFileType = sourcecode.swift; path = QwenASREngine.swift; sourceTree = "<group>"; };
		04C127BDE42D98FD9F44A2E3 /* VoiceSettingsSection.swift */ = {isa = PBXFileReference; lastKnownFileType = sourcecode.swift; path = VoiceSettingsSection.swift; sourceTree = "<group>"; };
		04CC761B5F9222665E122AD4 /* Types.swift */ = {isa = PBXFileReference; lastKnownFileType = sourcecode.swift; path = Types.swift; sourceTree = "<group>"; };
		0B3F6F6AFE960B0DC3672A7E /* DebugLog.swift */ = {isa = PBXFileReference; lastKnownFileType = sourcecode.swift; path = DebugLog.swift; sourceTree = "<group>"; };
		11CF4C808CEB180A855D734F /* VoiceTab.swift */ = {isa = PBXFileReference; lastKnownFileType = sourcecode.swift; path = VoiceTab.swift; sourceTree = "<group>"; };
		18D1D0DC27986E03A6CB74E8 /* CustomToggleStyle.swift */ = {isa = PBXFileReference; lastKnownFileType = sourcecode.swift; path = CustomToggleStyle.swift; sourceTree = "<group>"; };
		19511C2932D8583DCD624991 /* SettingsTab.swift */ = {isa = PBXFileReference; lastKnownFileType = sourcecode.swift; path = SettingsTab.swift; sourceTree = "<group>"; };
		1A26C1BF02BFFC43A9CC9F1B /* MeetingRetranscribeLauncher.swift */ = {isa = PBXFileReference; lastKnownFileType = sourcecode.swift; path = MeetingRetranscribeLauncher.swift; sourceTree = "<group>"; };
		1F431F2DCA8289BBAA7EE4CC /* ColorExtension.swift */ = {isa = PBXFileReference; lastKnownFileType = sourcecode.swift; path = ColorExtension.swift; sourceTree = "<group>"; };
		257C633BC36CFFA60F44CF29 /* Spacing.swift */ = {isa = PBXFileReference; lastKnownFileType = sourcecode.swift; path = Spacing.swift; sourceTree = "<group>"; };
		280A44D90E387302862FA480 /* HistoryManager.swift */ = {isa = PBXFileReference; lastKnownFileType = sourcecode.swift; path = HistoryManager.swift; sourceTree = "<group>"; };
		2EEF5D13BFC6B8890EB2C48A /* CorrectionDiff.swift */ = {isa = PBXFileReference; lastKnownFileType = sourcecode.swift; path = CorrectionDiff.swift; sourceTree = "<group>"; };
		30BD93CD00B691479337015E /* VoiceBrother.app */ = {isa = PBXFileReference; explicitFileType = wrapper.application; includeInIndex = 0; path = VoiceBrother.app; sourceTree = BUILT_PRODUCTS_DIR; };
		401A81703AA7E808D83A58AC /* MeetingSummarizer.swift */ = {isa = PBXFileReference; lastKnownFileType = sourcecode.swift; path = MeetingSummarizer.swift; sourceTree = "<group>"; };
		4D2C9AE3D98214A71B7B12FA /* VoiceBrotherApp.swift */ = {isa = PBXFileReference; lastKnownFileType = sourcecode.swift; path = VoiceBrotherApp.swift; sourceTree = "<group>"; };
		4D922300BD73A8D9DA5D2E08 /* LearningJournal.swift */ = {isa = PBXFileReference; lastKnownFileType = sourcecode.swift; path = LearningJournal.swift; sourceTree = "<group>"; };
		546E70941CF1975F09F7AA00 /* OnboardingView.swift */ = {isa = PBXFileReference; lastKnownFileType = sourcecode.swift; path = OnboardingView.swift; sourceTree = "<group>"; };
		560D607BF96DAFC7C3E9FA7D /* AboutTab.swift */ = {isa = PBXFileReference; lastKnownFileType = sourcecode.swift; path = AboutTab.swift; sourceTree = "<group>"; };
		5E2A9A56FE6E602F4481A884 /* WordCloudView.swift */ = {isa = PBXFileReference; lastKnownFileType = sourcecode.swift; path = WordCloudView.swift; sourceTree = "<group>"; };
		5EAE1747CC0E65345D144202 /* ITNProcessor.swift */ = {isa = PBXFileReference; lastKnownFileType = sourcecode.swift; path = ITNProcessor.swift; sourceTree = "<group>"; };
		618E4FE0D82872465ADB3A5A /* ConfigManager.swift */ = {isa = PBXFileReference; lastKnownFileType = sourcecode.swift; path = ConfigManager.swift; sourceTree = "<group>"; };
		64834C7163F197FF57940D43 /* Assets.xcassets */ = {isa = PBXFileReference; lastKnownFileType = folder.assetcatalog; path = Assets.xcassets; sourceTree = "<group>"; };
		67C06316E9322C08FC4F3533 /* MeetingScreenRecorder.swift */ = {isa = PBXFileReference; lastKnownFileType = sourcecode.swift; path = MeetingScreenRecorder.swift; sourceTree = "<group>"; };
		69BF7693DA068D87485ACB67 /* PermissionWarningSection.swift */ = {isa = PBXFileReference; lastKnownFileType = sourcecode.swift; path = PermissionWarningSection.swift; sourceTree = "<group>"; };
		6AA6D17ACC5DAE46C1DCD544 /* LLMClient.swift */ = {isa = PBXFileReference; lastKnownFileType = sourcecode.swift; path = LLMClient.swift; sourceTree = "<group>"; };
		712371F785EA8395346EE597 /* VisualEffectView.swift */ = {isa = PBXFileReference; lastKnownFileType = sourcecode.swift; path = VisualEffectView.swift; sourceTree = "<group>"; };
		7396A941FD2ADCD9EBCC9D30 /* HistoryTab.swift */ = {isa = PBXFileReference; lastKnownFileType = sourcecode.swift; path = HistoryTab.swift; sourceTree = "<group>"; };
		73F3B5815176CC85D1B445C5 /* ScreenCaptureKit.framework */ = {isa = PBXFileReference; lastKnownFileType = wrapper.framework; name = ScreenCaptureKit.framework; path = System/Library/Frameworks/ScreenCaptureKit.framework; sourceTree = SDKROOT; };
		782DB3D201D113D7E9EB3FF3 /* CorrectionLearningEngine.swift */ = {isa = PBXFileReference; lastKnownFileType = sourcecode.swift; path = CorrectionLearningEngine.swift; sourceTree = "<group>"; };
		7A6A4D1F2219051726ECB4B2 /* KeychainStore.swift */ = {isa = PBXFileReference; lastKnownFileType = sourcecode.swift; path = KeychainStore.swift; sourceTree = "<group>"; };
		7BD9E34981B3DCA3AEDB9E1C /* FocusObserver.swift */ = {isa = PBXFileReference; lastKnownFileType = sourcecode.swift; path = FocusObserver.swift; sourceTree = "<group>"; };
		7FBDA8811F5327386705F966 /* BrandGlyphs.swift */ = {isa = PBXFileReference; lastKnownFileType = sourcecode.swift; path = BrandGlyphs.swift; sourceTree = "<group>"; };
		831F0A9B43BBA65A43F36854 /* CodexBadge.swift */ = {isa = PBXFileReference; lastKnownFileType = sourcecode.swift; path = CodexBadge.swift; sourceTree = "<group>"; };
		887842E915004DAD1A172BC2 /* MeetingSettingsSection.swift */ = {isa = PBXFileReference; lastKnownFileType = sourcecode.swift; path = MeetingSettingsSection.swift; sourceTree = "<group>"; };
		89CD8D8801B4FD2AFEA9D00E /* AppleASREngine.swift */ = {isa = PBXFileReference; lastKnownFileType = sourcecode.swift; path = AppleASREngine.swift; sourceTree = "<group>"; };
		92831ED05ACAB7999BFA0C67 /* VoiceBrother.entitlements */ = {isa = PBXFileReference; lastKnownFileType = text.plist.entitlements; path = VoiceBrother.entitlements; sourceTree = "<group>"; };
		94740B8A7C344B3E81B06211 /* CodexButtonStyles.swift */ = {isa = PBXFileReference; lastKnownFileType = sourcecode.swift; path = CodexButtonStyles.swift; sourceTree = "<group>"; };
		95FFF5C2E04D7A8BE6BF5081 /* Protocols.swift */ = {isa = PBXFileReference; lastKnownFileType = sourcecode.swift; path = Protocols.swift; sourceTree = "<group>"; };
		9A468074BF22557328BEC1B4 /* VoiceService.swift */ = {isa = PBXFileReference; lastKnownFileType = sourcecode.swift; path = VoiceService.swift; sourceTree = "<group>"; };
		A4A3C5798718512F61483F3E /* MeetingService.swift */ = {isa = PBXFileReference; lastKnownFileType = sourcecode.swift; path = MeetingService.swift; sourceTree = "<group>"; };
		A74DA61B5963550F86BFF31A /* SectionHeader.swift */ = {isa = PBXFileReference; lastKnownFileType = sourcecode.swift; path = SectionHeader.swift; sourceTree = "<group>"; };
		A91E02C327C1271FC673E338 /* LLMConfigCard.swift */ = {isa = PBXFileReference; lastKnownFileType = sourcecode.swift; path = LLMConfigCard.swift; sourceTree = "<group>"; };
		AA96485141935F8D3A901C74 /* ThemeManager.swift */ = {isa = PBXFileReference; lastKnownFileType = sourcecode.swift; path = ThemeManager.swift; sourceTree = "<group>"; };
		AB3CFE433E400BEC9CB639D1 /* StatusBarIcon.swift */ = {isa = PBXFileReference; lastKnownFileType = sourcecode.swift; path = StatusBarIcon.swift; sourceTree = "<group>"; };
		AB3DCF3F0E5450D01CB50317 /* FillerRemover.swift */ = {isa = PBXFileReference; lastKnownFileType = sourcecode.swift; path = FillerRemover.swift; sourceTree = "<group>"; };
		AB980195C686C4C6C0115DAE /* MainWindow.swift */ = {isa = PBXFileReference; lastKnownFileType = sourcecode.swift; path = MainWindow.swift; sourceTree = "<group>"; };
		AD720B3A08B338DA50B796C2 /* WindowCornerRadius.swift */ = {isa = PBXFileReference; lastKnownFileType = sourcecode.swift; path = WindowCornerRadius.swift; sourceTree = "<group>"; };
		B0E4A4783E27440F692792FB /* VoiceBrother.entitlements.xml */ = {isa = PBXFileReference; lastKnownFileType = text.xml; path = VoiceBrother.entitlements.xml; sourceTree = "<group>"; };
		B91C733849479633B3E935E2 /* MeetingTab.swift */ = {isa = PBXFileReference; lastKnownFileType = sourcecode.swift; path = MeetingTab.swift; sourceTree = "<group>"; };
		B9459A5947442DDC00D3DD5B /* PermissionManager.swift */ = {isa = PBXFileReference; lastKnownFileType = sourcecode.swift; path = PermissionManager.swift; sourceTree = "<group>"; };
		BFFA63C5E5E9B82933FADD13 /* MenuBarController.swift */ = {isa = PBXFileReference; lastKnownFileType = sourcecode.swift; path = MenuBarController.swift; sourceTree = "<group>"; };
		C2E077B78658D86929A971CA /* AppLogoView.swift */ = {isa = PBXFileReference; lastKnownFileType = sourcecode.swift; path = AppLogoView.swift; sourceTree = "<group>"; };
		CACA22E30D78D444CE425429 /* TextProcessor.swift */ = {isa = PBXFileReference; lastKnownFileType = sourcecode.swift; path = TextProcessor.swift; sourceTree = "<group>"; };
		CB171C4E055AD9A82414ACC2 /* Speech.framework */ = {isa = PBXFileReference; lastKnownFileType = wrapper.framework; name = Speech.framework; path = System/Library/Frameworks/Speech.framework; sourceTree = SDKROOT; };
		CBC1983230B04D8175051312 /* AppConfig.swift */ = {isa = PBXFileReference; lastKnownFileType = sourcecode.swift; path = AppConfig.swift; sourceTree = "<group>"; };
		D5A94181FF7957445554CE72 /* TextInjector.swift */ = {isa = PBXFileReference; lastKnownFileType = sourcecode.swift; path = TextInjector.swift; sourceTree = "<group>"; };
		D82E7D78CD6E94DB635EC72F /* Info.plist */ = {isa = PBXFileReference; lastKnownFileType = text.plist; path = Info.plist; sourceTree = "<group>"; };
		E1622D5512A94241E4C90F1C /* MeetingRetranscriber.swift */ = {isa = PBXFileReference; lastKnownFileType = sourcecode.swift; path = MeetingRetranscriber.swift; sourceTree = "<group>"; };
		EA4F4CF0500652A724FEF61C /* KeywordAnalyzer.swift */ = {isa = PBXFileReference; lastKnownFileType = sourcecode.swift; path = KeywordAnalyzer.swift; sourceTree = "<group>"; };
		EC1EE7FA17B723F54C061665 /* FlowLayout.swift */ = {isa = PBXFileReference; lastKnownFileType = sourcecode.swift; path = FlowLayout.swift; sourceTree = "<group>"; };
		EC4BF1F6964D573B5D8417F2 /* RecordingWaveformView.swift */ = {isa = PBXFileReference; lastKnownFileType = sourcecode.swift; path = RecordingWaveformView.swift; sourceTree = "<group>"; };
		EF56AA0B23F213E1FDE3BFFA /* GeneralSettingsSection.swift */ = {isa = PBXFileReference; lastKnownFileType = sourcecode.swift; path = GeneralSettingsSection.swift; sourceTree = "<group>"; };
		F0726936CE6B318E74B30739 /* MonoTextExtension.swift */ = {isa = PBXFileReference; lastKnownFileType = sourcecode.swift; path = MonoTextExtension.swift; sourceTree = "<group>"; };
		F25F933AFF3A8EA8D1D5DB8A /* RecordingOverlayPanel.swift */ = {isa = PBXFileReference; lastKnownFileType = sourcecode.swift; path = RecordingOverlayPanel.swift; sourceTree = "<group>"; };
		FCA68001D049DCFB4EE27FA8 /* KeyboardListener.swift */ = {isa = PBXFileReference; lastKnownFileType = sourcecode.swift; path = KeyboardListener.swift; sourceTree = "<group>"; };
		FF2D14A6F964D5F86A56270F /* MLXMemoryGovernor.swift */ = {isa = PBXFileReference; lastKnownFileType = sourcecode.swift; path = MLXMemoryGovernor.swift; sourceTree = "<group>"; };
/* End PBXFileReference section */

/* Begin PBXFrameworksBuildPhase section */
		D2AF8FD8912BBAB8C480181D /* Frameworks */ = {
			isa = PBXFrameworksBuildPhase;
			buildActionMask = 2147483647;
			files = (
				9380371B5F84CC1B86A759A8 /* Qwen3ASR in Frameworks */,
				DFCE4150BF526871938CEBAC /* Qwen3Chat in Frameworks */,
				979F924204BCA0BA3B2191A9 /* SpeechVAD in Frameworks */,
				9E9D423B41E8A140ECD7B790 /* AudioCommon in Frameworks */,
				26237B1609F11FCCC59097AE /* MLX in Frameworks */,
				FA4F962FCDAA601EB5DD989D /* ScreenCaptureKit.framework in Frameworks */,
				9934D00AACE07F12F414D42B /* Speech.framework in Frameworks */,
			);
			runOnlyForDeploymentPostprocessing = 0;
		};
/* End PBXFrameworksBuildPhase section */

/* Begin PBXGroup section */
		1BA2958A29329CB78726D628 /* VoiceBrother */ = {
			isa = PBXGroup;
			children = (
				7BBF72CC4A65EF82CC0641E7 /* Backend */,
				D5E661BC27FAAF24460DE655 /* Frontend */,
				41572AB09F4B531F8971C5F1 /* Shared */,
				64834C7163F197FF57940D43 /* Assets.xcassets */,
				D82E7D78CD6E94DB635EC72F /* Info.plist */,
				92831ED05ACAB7999BFA0C67 /* VoiceBrother.entitlements */,
				B0E4A4783E27440F692792FB /* VoiceBrother.entitlements.xml */,
				4D2C9AE3D98214A71B7B12FA /* VoiceBrotherApp.swift */,
			);
			path = VoiceBrother;
			sourceTree = "<group>";
		};
		253E3EDC53684D9083143A6A /* Frameworks */ = {
			isa = PBXGroup;
			children = (
				73F3B5815176CC85D1B445C5 /* ScreenCaptureKit.framework */,
				CB171C4E055AD9A82414ACC2 /* Speech.framework */,
			);
			name = Frameworks;
			sourceTree = "<group>";
		};
		34F981C4DB85B78B9812BF2B /* Meeting */ = {
			isa = PBXGroup;
			children = (
				1A26C1BF02BFFC43A9CC9F1B /* MeetingRetranscribeLauncher.swift */,
				E1622D5512A94241E4C90F1C /* MeetingRetranscriber.swift */,
				67C06316E9322C08FC4F3533 /* MeetingScreenRecorder.swift */,
				A4A3C5798718512F61483F3E /* MeetingService.swift */,
				401A81703AA7E808D83A58AC /* MeetingSummarizer.swift */,
			);
			path = Meeting;
			sourceTree = "<group>";
		};
		411F38012D8777DFD21F31A7 /* Learning */ = {
			isa = PBXGroup;
			children = (
				2EEF5D13BFC6B8890EB2C48A /* CorrectionDiff.swift */,
				782DB3D201D113D7E9EB3FF3 /* CorrectionLearningEngine.swift */,
				4D922300BD73A8D9DA5D2E08 /* LearningJournal.swift */,
			);
			path = Learning;
			sourceTree = "<group>";
		};
		41572AB09F4B531F8971C5F1 /* Shared */ = {
			isa = PBXGroup;
			children = (
				CBC1983230B04D8175051312 /* AppConfig.swift */,
				0B3F6F6AFE960B0DC3672A7E /* DebugLog.swift */,
				95FFF5C2E04D7A8BE6BF5081 /* Protocols.swift */,
				AA96485141935F8D3A901C74 /* ThemeManager.swift */,
				04CC761B5F9222665E122AD4 /* Types.swift */,
			);
			path = Shared;
			sourceTree = "<group>";
		};
		6D548DDDE68E7D331F8245B1 /* Voice */ = {
			isa = PBXGroup;
			children = (
				89CD8D8801B4FD2AFEA9D00E /* AppleASREngine.swift */,
				AB3DCF3F0E5450D01CB50317 /* FillerRemover.swift */,
				7BD9E34981B3DCA3AEDB9E1C /* FocusObserver.swift */,
				5EAE1747CC0E65345D144202 /* ITNProcessor.swift */,
				FCA68001D049DCFB4EE27FA8 /* KeyboardListener.swift */,
				6AA6D17ACC5DAE46C1DCD544 /* LLMClient.swift */,
				FF2D14A6F964D5F86A56270F /* MLXMemoryGovernor.swift */,
				0273EF582119B27F8EDDC168 /* QwenASREngine.swift */,
				D5A94181FF7957445554CE72 /* TextInjector.swift */,
				CACA22E30D78D444CE425429 /* TextProcessor.swift */,
				9A468074BF22557328BEC1B4 /* VoiceService.swift */,
				026BE19E04204876027CF857 /* VolcanoASREngine.swift */,
			);
			path = Voice;
			sourceTree = "<group>";
		};
		794A617505212FB29DAC8294 /* Components */ = {
			isa = PBXGroup;
			children = (
				C2E077B78658D86929A971CA /* AppLogoView.swift */,
				7FBDA8811F5327386705F966 /* BrandGlyphs.swift */,
				831F0A9B43BBA65A43F36854 /* CodexBadge.swift */,
				94740B8A7C344B3E81B06211 /* CodexButtonStyles.swift */,
				1F431F2DCA8289BBAA7EE4CC /* ColorExtension.swift */,
				18D1D0DC27986E03A6CB74E8 /* CustomToggleStyle.swift */,
				EC1EE7FA17B723F54C061665 /* FlowLayout.swift */,
				A91E02C327C1271FC673E338 /* LLMConfigCard.swift */,
				F0726936CE6B318E74B30739 /* MonoTextExtension.swift */,
				F25F933AFF3A8EA8D1D5DB8A /* RecordingOverlayPanel.swift */,
				EC4BF1F6964D573B5D8417F2 /* RecordingWaveformView.swift */,
				A74DA61B5963550F86BFF31A /* SectionHeader.swift */,
				257C633BC36CFFA60F44CF29 /* Spacing.swift */,
				AB3CFE433E400BEC9CB639D1 /* StatusBarIcon.swift */,
				712371F785EA8395346EE597 /* VisualEffectView.swift */,
				AD720B3A08B338DA50B796C2 /* WindowCornerRadius.swift */,
				5E2A9A56FE6E602F4481A884 /* WordCloudView.swift */,
			);
			path = Components;
			sourceTree = "<group>";
		};
		7BBF72CC4A65EF82CC0641E7 /* Backend */ = {
			isa = PBXGroup;
			children = (
				411F38012D8777DFD21F31A7 /* Learning */,
				34F981C4DB85B78B9812BF2B /* Meeting */,
				CA5899360086263CF838E9D0 /* Services */,
				6D548DDDE68E7D331F8245B1 /* Voice */,
			);
			path = Backend;
			sourceTree = "<group>";
		};
		909D9A7DAEE63EE324971A1E /* Products */ = {
			isa = PBXGroup;
			children = (
				30BD93CD00B691479337015E /* VoiceBrother.app */,
			);
			name = Products;
			sourceTree = "<group>";
		};
		B2BC66EA30D6FF3FDAECAC6F /* Tabs */ = {
			isa = PBXGroup;
			children = (
				F4A4445852E398EAA56A58F8 /* Sections */,
				560D607BF96DAFC7C3E9FA7D /* AboutTab.swift */,
				7396A941FD2ADCD9EBCC9D30 /* HistoryTab.swift */,
				B91C733849479633B3E935E2 /* MeetingTab.swift */,
				19511C2932D8583DCD624991 /* SettingsTab.swift */,
				11CF4C808CEB180A855D734F /* VoiceTab.swift */,
			);
			path = Tabs;
			sourceTree = "<group>";
		};
		CA5899360086263CF838E9D0 /* Services */ = {
			isa = PBXGroup;
			children = (
				618E4FE0D82872465ADB3A5A /* ConfigManager.swift */,
				280A44D90E387302862FA480 /* HistoryManager.swift */,
				7A6A4D1F2219051726ECB4B2 /* KeychainStore.swift */,
				EA4F4CF0500652A724FEF61C /* KeywordAnalyzer.swift */,
				B9459A5947442DDC00D3DD5B /* PermissionManager.swift */,
			);
			path = Services;
			sourceTree = "<group>";
		};
		D5E661BC27FAAF24460DE655 /* Frontend */ = {
			isa = PBXGroup;
			children = (
				794A617505212FB29DAC8294 /* Components */,
				B2BC66EA30D6FF3FDAECAC6F /* Tabs */,
				AB980195C686C4C6C0115DAE /* MainWindow.swift */,
				BFFA63C5E5E9B82933FADD13 /* MenuBarController.swift */,
				546E70941CF1975F09F7AA00 /* OnboardingView.swift */,
			);
			path = Frontend;
			sourceTree = "<group>";
		};
		E054CC5AC7B9574855DE2084 = {
			isa = PBXGroup;
			children = (
				1BA2958A29329CB78726D628 /* VoiceBrother */,
				253E3EDC53684D9083143A6A /* Frameworks */,
				909D9A7DAEE63EE324971A1E /* Products */,
			);
			sourceTree = "<group>";
		};
		F4A4445852E398EAA56A58F8 /* Sections */ = {
			isa = PBXGroup;
			children = (
				EF56AA0B23F213E1FDE3BFFA /* GeneralSettingsSection.swift */,
				887842E915004DAD1A172BC2 /* MeetingSettingsSection.swift */,
				69BF7693DA068D87485ACB67 /* PermissionWarningSection.swift */,
				04C127BDE42D98FD9F44A2E3 /* VoiceSettingsSection.swift */,
			);
			path = Sections;
			sourceTree = "<group>";
		};
/* End PBXGroup section */

/* Begin PBXNativeTarget section */
		A511DF578284AB2C711FB8C8 /* VoiceBrother */ = {
			isa = PBXNativeTarget;
			buildConfigurationList = B2F8AA7ADA5DC75770FA9370 /* Build configuration list for PBXNativeTarget "VoiceBrother" */;
			buildPhases = (
				9AC1DAE5DEBA1A5CABF0ECB4 /* Sources */,
				6AB9FBBE5F9FC7D91186F4ED /* Resources */,
				D2AF8FD8912BBAB8C480181D /* Frameworks */,
			);
			buildRules = (
			);
			dependencies = (
			);
			name = VoiceBrother;
			packageProductDependencies = (
				46F79E3B77595AD3DD93C2B1 /* Qwen3ASR */,
				B98100A0333E9C9B14C8056E /* Qwen3Chat */,
				55B3D80DBA09BE97B6544F8D /* SpeechVAD */,
				E05A4E9FBE410A4059011359 /* AudioCommon */,
				42D6F49464E1F26CA62F361C /* MLX */,
			);
			productName = VoiceBrother;
			productReference = 30BD93CD00B691479337015E /* VoiceBrother.app */;
			productType = "com.apple.product-type.application";
		};
/* End PBXNativeTarget section */

/* Begin PBXProject section */
		494A65943A799CCCE454305F /* Project object */ = {
			isa = PBXProject;
			attributes = {
				BuildIndependentTargetsInParallel = YES;
				LastUpgradeCheck = 1600;
				TargetAttributes = {
					A511DF578284AB2C711FB8C8 = {
						ProvisioningStyle = Manual;
					};
				};
			};
			buildConfigurationList = 361CA448A3C4A20C0327B50C /* Build configuration list for PBXProject "VoiceBrother" */;
			developmentRegion = en;
			hasScannedForEncodings = 0;
			knownRegions = (
				Base,
				en,
			);
			mainGroup = E054CC5AC7B9574855DE2084;
			minimizedProjectReferenceProxies = 1;
			packageReferences = (
				01F370E141E240FA6D23DB6E /* XCRemoteSwiftPackageReference "mlx-swift" */,
				ECCB5961A27975261A4A19BD /* XCRemoteSwiftPackageReference "speech-swift" */,
			);
			preferredProjectObjectVersion = 77;
			productRefGroup = 909D9A7DAEE63EE324971A1E /* Products */;
			projectDirPath = "";
			projectRoot = "";
			targets = (
				A511DF578284AB2C711FB8C8 /* VoiceBrother */,
			);
		};
/* End PBXProject section */

/* Begin PBXResourcesBuildPhase section */
		6AB9FBBE5F9FC7D91186F4ED /* Resources */ = {
			isa = PBXResourcesBuildPhase;
			buildActionMask = 2147483647;
			files = (
				8F8B6F3327B6E348A296A00A /* Assets.xcassets in Resources */,
				6C4278DC5793C7E1CEA71757 /* VoiceBrother.entitlements.xml in Resources */,
			);
			runOnlyForDeploymentPostprocessing = 0;
		};
/* End PBXResourcesBuildPhase section */

/* Begin PBXSourcesBuildPhase section */
		9AC1DAE5DEBA1A5CABF0ECB4 /* Sources */ = {
			isa = PBXSourcesBuildPhase;
			buildActionMask = 2147483647;
			files = (
				EA41A15ECB4ADDE600A174A5 /* AboutTab.swift in Sources */,
				6E3BBB9AFD2A4C3DE5D08D29 /* AppConfig.swift in Sources */,
				CE8F2B23ABF1030C978BA399 /* AppLogoView.swift in Sources */,
				9A9AD02565A983E3754E150E /* AppleASREngine.swift in Sources */,
				01BDF40547F84FF65028E0F6 /* BrandGlyphs.swift in Sources */,
				AA950AF155F08BC30A56C078 /* CodexBadge.swift in Sources */,
				FA5C9A99D84709247E94A592 /* CodexButtonStyles.swift in Sources */,
				91D0487A66F229A16D72E978 /* ColorExtension.swift in Sources */,
				753F2471B39519FE269527DF /* ConfigManager.swift in Sources */,
				2D02DB597BCBE49CD6AE24F2 /* CorrectionDiff.swift in Sources */,
				D71A8CE1641AA98200A0127E /* CorrectionLearningEngine.swift in Sources */,
				1DDFB0C4D9DC22A72CA95F7B /* CustomToggleStyle.swift in Sources */,
				EF4CB40EFE4FCC80FB06DF64 /* DebugLog.swift in Sources */,
				76C7259F5A22AF4CA316643E /* FillerRemover.swift in Sources */,
				FFD41DB9C86194D12988201E /* FlowLayout.swift in Sources */,
				8215B577782A5FB898EF26E1 /* FocusObserver.swift in Sources */,
				B6C804B40F460A1DCD67053D /* GeneralSettingsSection.swift in Sources */,
				BC0CEEE1B26A3CDC5113FF0B /* HistoryManager.swift in Sources */,
				EBCD19B842033CF09A09AE7B /* HistoryTab.swift in Sources */,
				50DAAB77B95390C564F7CAD0 /* ITNProcessor.swift in Sources */,
				B3F13B758D7682CE72F6D16C /* KeyboardListener.swift in Sources */,
				369D97FCAE74CC6A79BE430F /* KeychainStore.swift in Sources */,
				A8D82BB9E06F2F340C6DEDDF /* KeywordAnalyzer.swift in Sources */,
				08BF67271CCF023BDC039064 /* LLMClient.swift in Sources */,
				0B7C8A4EADFF211F73501A67 /* LLMConfigCard.swift in Sources */,
				400D2F8816BA75865550278F /* LearningJournal.swift in Sources */,
				EA883D08854ECE60F3D82722 /* MLXMemoryGovernor.swift in Sources */,
				8DC41B48DF479B35829B42EB /* MainWindow.swift in Sources */,
				9F013C063FE6D6BD2BB9A029 /* MeetingRetranscribeLauncher.swift in Sources */,
				A000C33EC704A94E3DF8792B /* MeetingRetranscriber.swift in Sources */,
				942DCBF1E3E686711E4FA217 /* MeetingScreenRecorder.swift in Sources */,
				767793B0742581350459C6E8 /* MeetingService.swift in Sources */,
				C5509120CE88343F43DA2C52 /* MeetingSettingsSection.swift in Sources */,
				9ED4265F7900D222FEA4D09F /* MeetingSummarizer.swift in Sources */,
				5C68077C4FCB3FE64FB997E0 /* MeetingTab.swift in Sources */,
				883D627EDF88B60036442BB2 /* MenuBarController.swift in Sources */,
				31FCD2123930A08D1F90862F /* MonoTextExtension.swift in Sources */,
				B4FD67B4D93E87791C24863C /* OnboardingView.swift in Sources */,
				1A743652D73E7AA8B5428134 /* PermissionManager.swift in Sources */,
				2AF551D771D6F9B8CEC1DBFE /* PermissionWarningSection.swift in Sources */,
				C8E9AC4C1C4B5DFCEB1F7B00 /* Protocols.swift in Sources */,
				2DF267FDFA400B46ED0922D7 /* QwenASREngine.swift in Sources */,
				2957FDFAC2401B205CE1990F /* RecordingOverlayPanel.swift in Sources */,
				5DD44FEC95C9991279FB4D0F /* RecordingWaveformView.swift in Sources */,
				A12C1A2382438E0778E46C67 /* SectionHeader.swift in Sources */,
				C452635A646F668E7C0F5D34 /* SettingsTab.swift in Sources */,
				9D70E200AA4CAA07682C7864 /* Spacing.swift in Sources */,
				E83F3C86783D991A0D3589BB /* StatusBarIcon.swift in Sources */,
				C500E4BDE73AAFDE4458F673 /* TextInjector.swift in Sources */,
				7B05CCD5B3C57A580B4944E2 /* TextProcessor.swift in Sources */,
				73695802B72444332F0218A2 /* ThemeManager.swift in Sources */,
				3E1C92F428CC0B2230432370 /* Types.swift in Sources */,
				6483946F69558F5F78261BAE /* VisualEffectView.swift in Sources */,
				197D71B92436193B5A67522F /* VoiceBrotherApp.swift in Sources */,
				8F31BD1B02E840A2A7B9A999 /* VoiceService.swift in Sources */,
				9887D573A4C90E8E31A3BE80 /* VoiceSettingsSection.swift in Sources */,
				F51E10FA14699D86CF0CB9E3 /* VoiceTab.swift in Sources */,
				AF4CCDB19A3169633F31F053 /* VolcanoASREngine.swift in Sources */,
				45235082877F2A9621BEAAB8 /* WindowCornerRadius.swift in Sources */,
				782DC31E109EB40D55FC6C40 /* WordCloudView.swift in Sources */,
			);
			runOnlyForDeploymentPostprocessing = 0;
		};
/* End PBXSourcesBuildPhase section */

/* Begin XCBuildConfiguration section */
		7A977E8DDEF87CCD26E2273B /* Debug */ = {
			isa = XCBuildConfiguration;
			buildSettings = {
				ASSETCATALOG_COMPILER_APPICON_NAME = AppIcon;
				CODE_SIGN_ENTITLEMENTS = VoiceBrother/VoiceBrother.entitlements;
				COMBINE_HIDPI_IMAGES = YES;
				INFOPLIST_FILE = VoiceBrother/Info.plist;
				LD_RUNPATH_SEARCH_PATHS = (
					"$(inherited)",
					"@executable_path/../Frameworks",
				);
				OTHER_LDFLAGS = (
					"-framework",
					ScreenCaptureKit,
					"-framework",
					Speech,
				);
				PRODUCT_BUNDLE_IDENTIFIER = com.voicebrother.app;
				SDKROOT = macosx;
				SWIFT_STRICT_CONCURRENCY = minimal;
			};
			name = Debug;
		};
		83045726A43AF7860000DE1A /* Debug */ = {
			isa = XCBuildConfiguration;
			buildSettings = {
				ALWAYS_SEARCH_USER_PATHS = NO;
				ASSETCATALOG_COMPILER_APPICON_NAME = AppIcon;
				ASSETCATALOG_COMPILER_GLOBAL_ACCENT_COLOR_NAME = AccentColor;
				CLANG_ANALYZER_NONNULL = YES;
				CLANG_ANALYZER_NUMBER_OBJECT_CONVERSION = YES_AGGRESSIVE;
				CLANG_CXX_LANGUAGE_STANDARD = "gnu++14";
				CLANG_CXX_LIBRARY = "libc++";
				CLANG_ENABLE_MODULES = YES;
				CLANG_ENABLE_OBJC_ARC = YES;
				CLANG_ENABLE_OBJC_WEAK = YES;
				CLANG_WARN_BLOCK_CAPTURE_AUTORELEASING = YES;
				CLANG_WARN_BOOL_CONVERSION = YES;
				CLANG_WARN_COMMA = YES;
				CLANG_WARN_CONSTANT_CONVERSION = YES;
				CLANG_WARN_DEPRECATED_OBJC_IMPLEMENTATIONS = YES;
				CLANG_WARN_DIRECT_OBJC_ISA_USAGE = YES_ERROR;
				CLANG_WARN_DOCUMENTATION_COMMENTS = YES;
				CLANG_WARN_EMPTY_BODY = YES;
				CLANG_WARN_ENUM_CONVERSION = YES;
				CLANG_WARN_INFINITE_RECURSION = YES;
				CLANG_WARN_INT_CONVERSION = YES;
				CLANG_WARN_NON_LITERAL_NULL_CONVERSION = YES;
				CLANG_WARN_OBJC_IMPLICIT_RETAIN_SELF = YES;
				CLANG_WARN_OBJC_LITERAL_CONVERSION = YES;
				CLANG_WARN_OBJC_ROOT_CLASS = YES_ERROR;
				CLANG_WARN_QUOTED_INCLUDE_IN_FRAMEWORK_HEADER = YES;
				CLANG_WARN_RANGE_LOOP_ANALYSIS = YES;
				CLANG_WARN_STRICT_PROTOTYPES = YES;
				CLANG_WARN_SUSPICIOUS_MOVE = YES;
				CLANG_WARN_UNGUARDED_AVAILABILITY = YES_AGGRESSIVE;
				CLANG_WARN_UNREACHABLE_CODE = YES;
				CLANG_WARN__DUPLICATE_METHOD_MATCH = YES;
				CODE_SIGN_IDENTITY = "VoiceBubble Dev";
				CODE_SIGN_STYLE = Manual;
				COMBINE_HIDPI_IMAGES = YES;
				COPY_PHASE_STRIP = NO;
				DEAD_CODE_STRIPPING = YES;
				DEBUG_INFORMATION_FORMAT = dwarf;
				ENABLE_HARDENED_RUNTIME = NO;
				ENABLE_STRICT_OBJC_MSGSEND = YES;
				ENABLE_TESTABILITY = YES;
				GCC_C_LANGUAGE_STANDARD = gnu11;
				GCC_DYNAMIC_NO_PIC = NO;
				GCC_NO_COMMON_BLOCKS = YES;
				GCC_OPTIMIZATION_LEVEL = 0;
				GCC_PREPROCESSOR_DEFINITIONS = (
					"$(inherited)",
					"DEBUG=1",
				);
				GCC_WARN_64_TO_32_BIT_CONVERSION = YES;
				GCC_WARN_ABOUT_RETURN_TYPE = YES_ERROR;
				GCC_WARN_UNDECLARED_SELECTOR = YES;
				GCC_WARN_UNINITIALIZED_AUTOS = YES_AGGRESSIVE;
				GCC_WARN_UNUSED_FUNCTION = YES;
				GCC_WARN_UNUSED_VARIABLE = YES;
				GENERATE_INFOPLIST_FILE = NO;
				MACOSX_DEPLOYMENT_TARGET = 14.0;
				MTL_ENABLE_DEBUG_INFO = INCLUDE_SOURCE;
				MTL_FAST_MATH = YES;
				ONLY_ACTIVE_ARCH = YES;
				PRODUCT_NAME = "$(TARGET_NAME)";
				SDKROOT = macosx;
				SWIFT_ACTIVE_COMPILATION_CONDITIONS = DEBUG;
				SWIFT_EMIT_LOC_STRINGS = YES;
				SWIFT_OPTIMIZATION_LEVEL = "-Onone";
				SWIFT_VERSION = 5.9;
			};
			name = Debug;
		};
		897070E9C650BA32B5C9C658 /* Release */ = {
			isa = XCBuildConfiguration;
			buildSettings = {
				ALWAYS_SEARCH_USER_PATHS = NO;
				ASSETCATALOG_COMPILER_APPICON_NAME = AppIcon;
				ASSETCATALOG_COMPILER_GLOBAL_ACCENT_COLOR_NAME = AccentColor;
				CLANG_ANALYZER_NONNULL = YES;
				CLANG_ANALYZER_NUMBER_OBJECT_CONVERSION = YES_AGGRESSIVE;
				CLANG_CXX_LANGUAGE_STANDARD = "gnu++14";
				CLANG_CXX_LIBRARY = "libc++";
				CLANG_ENABLE_MODULES = YES;
				CLANG_ENABLE_OBJC_ARC = YES;
				CLANG_ENABLE_OBJC_WEAK = YES;
				CLANG_WARN_BLOCK_CAPTURE_AUTORELEASING = YES;
				CLANG_WARN_BOOL_CONVERSION = YES;
				CLANG_WARN_COMMA = YES;
				CLANG_WARN_CONSTANT_CONVERSION = YES;
				CLANG_WARN_DEPRECATED_OBJC_IMPLEMENTATIONS = YES;
				CLANG_WARN_DIRECT_OBJC_ISA_USAGE = YES_ERROR;
				CLANG_WARN_DOCUMENTATION_COMMENTS = YES;
				CLANG_WARN_EMPTY_BODY = YES;
				CLANG_WARN_ENUM_CONVERSION = YES;
				CLANG_WARN_INFINITE_RECURSION = YES;
				CLANG_WARN_INT_CONVERSION = YES;
				CLANG_WARN_NON_LITERAL_NULL_CONVERSION = YES;
				CLANG_WARN_OBJC_IMPLICIT_RETAIN_SELF = YES;
				CLANG_WARN_OBJC_LITERAL_CONVERSION = YES;
				CLANG_WARN_OBJC_ROOT_CLASS = YES_ERROR;
				CLANG_WARN_QUOTED_INCLUDE_IN_FRAMEWORK_HEADER = YES;
				CLANG_WARN_RANGE_LOOP_ANALYSIS = YES;
				CLANG_WARN_STRICT_PROTOTYPES = YES;
				CLANG_WARN_SUSPICIOUS_MOVE = YES;
				CLANG_WARN_UNGUARDED_AVAILABILITY = YES_AGGRESSIVE;
				CLANG_WARN_UNREACHABLE_CODE = YES;
				CLANG_WARN__DUPLICATE_METHOD_MATCH = YES;
				CODE_SIGN_IDENTITY = "VoiceBubble Dev";
				CODE_SIGN_STYLE = Manual;
				COMBINE_HIDPI_IMAGES = YES;
				COPY_PHASE_STRIP = NO;
				DEAD_CODE_STRIPPING = YES;
				DEBUG_INFORMATION_FORMAT = "dwarf-with-dsym";
				ENABLE_HARDENED_RUNTIME = NO;
				ENABLE_NS_ASSERTIONS = NO;
				ENABLE_STRICT_OBJC_MSGSEND = YES;
				GCC_C_LANGUAGE_STANDARD = gnu11;
				GCC_NO_COMMON_BLOCKS = YES;
				GCC_WARN_64_TO_32_BIT_CONVERSION = YES;
				GCC_WARN_ABOUT_RETURN_TYPE = YES_ERROR;
				GCC_WARN_UNDECLARED_SELECTOR = YES;
				GCC_WARN_UNINITIALIZED_AUTOS = YES_AGGRESSIVE;
				GCC_WARN_UNUSED_FUNCTION = YES;
				GCC_WARN_UNUSED_VARIABLE = YES;
				GENERATE_INFOPLIST_FILE = NO;
				MACOSX_DEPLOYMENT_TARGET = 14.0;
				MTL_ENABLE_DEBUG_INFO = NO;
				MTL_FAST_MATH = YES;
				PRODUCT_NAME = "$(TARGET_NAME)";
				SDKROOT = macosx;
				SWIFT_COMPILATION_MODE = wholemodule;
				SWIFT_EMIT_LOC_STRINGS = YES;
				SWIFT_OPTIMIZATION_LEVEL = "-O";
				SWIFT_VERSION = 5.9;
			};
			name = Release;
		};
		C95C7516967B32F81068AC77 /* Release */ = {
			isa = XCBuildConfiguration;
			buildSettings = {
				ASSETCATALOG_COMPILER_APPICON_NAME = AppIcon;
				CODE_SIGN_ENTITLEMENTS = VoiceBrother/VoiceBrother.entitlements;
				COMBINE_HIDPI_IMAGES = YES;
				INFOPLIST_FILE = VoiceBrother/Info.plist;
				LD_RUNPATH_SEARCH_PATHS = (
					"$(inherited)",
					"@executable_path/../Frameworks",
				);
				OTHER_LDFLAGS = (
					"-framework",
					ScreenCaptureKit,
					"-framework",
					Speech,
				);
				PRODUCT_BUNDLE_IDENTIFIER = com.voicebrother.app;
				SDKROOT = macosx;
				SWIFT_STRICT_CONCURRENCY = minimal;
			};
			name = Release;
		};
/* End XCBuildConfiguration section */

/* Begin XCConfigurationList section */
		361CA448A3C4A20C0327B50C /* Build configuration list for PBXProject "VoiceBrother" */ = {
			isa = XCConfigurationList;
			buildConfigurations = (
				83045726A43AF7860000DE1A /* Debug */,
				897070E9C650BA32B5C9C658 /* Release */,
			);
			defaultConfigurationIsVisible = 0;
			defaultConfigurationName = Debug;
		};
		B2F8AA7ADA5DC75770FA9370 /* Build configuration list for PBXNativeTarget "VoiceBrother" */ = {
			isa = XCConfigurationList;
			buildConfigurations = (
				7A977E8DDEF87CCD26E2273B /* Debug */,
				C95C7516967B32F81068AC77 /* Release */,
			);
			defaultConfigurationIsVisible = 0;
			defaultConfigurationName = Debug;
		};
/* End XCConfigurationList section */

/* Begin XCRemoteSwiftPackageReference section */
		01F370E141E240FA6D23DB6E /* XCRemoteSwiftPackageReference "mlx-swift" */ = {
			isa = XCRemoteSwiftPackageReference;
			repositoryURL = "https://github.com/ml-explore/mlx-swift";
			requirement = {
				kind = exactVersion;
				version = 0.31.2;
			};
		};
		ECCB5961A27975261A4A19BD /* XCRemoteSwiftPackageReference "speech-swift" */ = {
			isa = XCRemoteSwiftPackageReference;
			repositoryURL = "https://github.com/soniqo/speech-swift";
			requirement = {
				kind = exactVersion;
				version = 0.0.7;
			};
		};
/* End XCRemoteSwiftPackageReference section */

/* Begin XCSwiftPackageProductDependency section */
		42D6F49464E1F26CA62F361C /* MLX */ = {
			isa = XCSwiftPackageProductDependency;
			package = 01F370E141E240FA6D23DB6E /* XCRemoteSwiftPackageReference "mlx-swift" */;
			productName = MLX;
		};
		46F79E3B77595AD3DD93C2B1 /* Qwen3ASR */ = {
			isa = XCSwiftPackageProductDependency;
			package = ECCB5961A27975261A4A19BD /* XCRemoteSwiftPackageReference "speech-swift" */;
			productName = Qwen3ASR;
		};
		55B3D80DBA09BE97B6544F8D /* SpeechVAD */ = {
			isa = XCSwiftPackageProductDependency;
			package = ECCB5961A27975261A4A19BD /* XCRemoteSwiftPackageReference "speech-swift" */;
			productName = SpeechVAD;
		};
		B98100A0333E9C9B14C8056E /* Qwen3Chat */ = {
			isa = XCSwiftPackageProductDependency;
			package = ECCB5961A27975261A4A19BD /* XCRemoteSwiftPackageReference "speech-swift" */;
			productName = Qwen3Chat;
		};
		E05A4E9FBE410A4059011359 /* AudioCommon */ = {
			isa = XCSwiftPackageProductDependency;
			package = ECCB5961A27975261A4A19BD /* XCRemoteSwiftPackageReference "speech-swift" */;
			productName = AudioCommon;
		};
/* End XCSwiftPackageProductDependency section */
	};
	rootObject = 494A65943A799CCCE454305F /* Project object */;
}
