// !$*UTF8*$!
{
	archiveVersion = 1;
	classes = {
	};
	objectVersion = 77;
	objects = {

/* Begin PBXBuildFile section */
		02E486FC56A2BDC9CB3EF91E /* VoiceTab.swift in Sources */ = {isa = PBXBuildFile; fileRef = 1E57A9BFBF9035E07F6C09D4 /* VoiceTab.swift */; };
		048C810DEE6BB274953441FE /* AppConfig.swift in Sources */ = {isa = PBXBuildFile; fileRef = 66F087836C32C7C27E4AD98B /* AppConfig.swift */; };
		0A6789CA2A774395E0FE1BA4 /* VoiceBubbleApp.swift in Sources */ = {isa = PBXBuildFile; fileRef = 410268E9906BC1DB3E7A1BAB /* VoiceBubbleApp.swift */; };
		0CC6DE6C1FB6BE084ABA5ECA /* MeetingService.swift in Sources */ = {isa = PBXBuildFile; fileRef = 78C2DF426A804646C9F98185 /* MeetingService.swift */; };
		0EAE790AC6928A6F1CFBEB07 /* AppleASREngine.swift in Sources */ = {isa = PBXBuildFile; fileRef = 00BE49DD9F3CDA21D76AE890 /* AppleASREngine.swift */; };
		169B394ED774F8DD819FC6FC /* HistoryManager.swift in Sources */ = {isa = PBXBuildFile; fileRef = FA9D2A17C810FBCF1961FF9A /* HistoryManager.swift */; };
		1808533ACD8443768AADC074 /* ScreenCaptureKit.framework in Frameworks */ = {isa = PBXBuildFile; fileRef = F74AB8CBA551DDF844620474 /* ScreenCaptureKit.framework */; };
		1BB43B0D4017C3C910E75931 /* LLMClient.swift in Sources */ = {isa = PBXBuildFile; fileRef = 56A6496C140BCF8F40ED2078 /* LLMClient.swift */; };
		1C2949913F9EF0B75C6B813D /* DebugLog.swift in Sources */ = {isa = PBXBuildFile; fileRef = 3C7805DBBBCFC1E60715F976 /* DebugLog.swift */; };
		230EA3EAB5EA8099413D1E62 /* Qwen3ASR in Frameworks */ = {isa = PBXBuildFile; productRef = 2F0639CF9546F8F1CA9ADAD3 /* Qwen3ASR */; };
		2DDABB80B66EE21750857F8A /* MLX in Frameworks */ = {isa = PBXBuildFile; productRef = 17BBB08D3FA8A0AB23D48FAC /* MLX */; };
		2F283C0F902B44E66E7374C2 /* Types.swift in Sources */ = {isa = PBXBuildFile; fileRef = 756328E9482AE18635C72B48 /* Types.swift */; };
		31F409A91CB67A6F955158A8 /* SpeechVAD in Frameworks */ = {isa = PBXBuildFile; productRef = 41EAF680E4AF8A7940A3331B /* SpeechVAD */; };
		36007287DC63FAC2B7127A3A /* FlowLayout.swift in Sources */ = {isa = PBXBuildFile; fileRef = 6B0370CCAF6C2DD5C9FA144A /* FlowLayout.swift */; };
		378D96FFC35CA5475693F68A /* GeneralSettingsSection.swift in Sources */ = {isa = PBXBuildFile; fileRef = 19D88D79313BAE73B4CCD305 /* GeneralSettingsSection.swift */; };
		3AFFD5528CC4598FC21A392F /* RecordingOverlayPanel.swift in Sources */ = {isa = PBXBuildFile; fileRef = 7C1334297348B9BD28EC251D /* RecordingOverlayPanel.swift */; };
		3BC033C7C21A081F44AD9756 /* TextInjector.swift in Sources */ = {isa = PBXBuildFile; fileRef = CCA0644D7956319E8EA7539C /* TextInjector.swift */; };
		3F9D8914CFCD9A53E8C8AB50 /* KeyboardListener.swift in Sources */ = {isa = PBXBuildFile; fileRef = 4EDAE46B8C79549CD46B72BA /* KeyboardListener.swift */; };
		F0C7B1A9000000000000ABCE /* FocusObserver.swift in Sources */ = {isa = PBXBuildFile; fileRef = F0C7B1A9000000000000ABCD /* FocusObserver.swift */; };
		400E9342B3D19AB98C5202F2 /* AudioCommon in Frameworks */ = {isa = PBXBuildFile; productRef = E207494BE71064065E8DBEAF /* AudioCommon */; };
		40A3106ECCDAB0699B2D538C /* Speech.framework in Frameworks */ = {isa = PBXBuildFile; fileRef = 7242B98BA73D663BD00EAB84 /* Speech.framework */; };
		40C1C0E7510399CA2239FF6D /* TextProcessor.swift in Sources */ = {isa = PBXBuildFile; fileRef = 1F183243D43EB34CD53BB456 /* TextProcessor.swift */; };
		4B72C8D0FB20E1697FB0AFEA /* RecordingWaveformView.swift in Sources */ = {isa = PBXBuildFile; fileRef = AF46D85AE1316AE8C126DAC2 /* RecordingWaveformView.swift */; };
		4CD1656261198212B6D66A12 /* SettingsTab.swift in Sources */ = {isa = PBXBuildFile; fileRef = 69D4E2E09821D239DA8BBAC9 /* SettingsTab.swift */; };
		50A00DE6BC654EB36404F6ED /* ThemeManager.swift in Sources */ = {isa = PBXBuildFile; fileRef = BC9ED472DB3365F18D92D927 /* ThemeManager.swift */; };
		526FC675F23A32DE52E0A2B3 /* AboutTab.swift in Sources */ = {isa = PBXBuildFile; fileRef = D3901007AB10B5F54D73ABDA /* AboutTab.swift */; };
		5409885313BE51EC7040B3A8 /* QwenASREngine.swift in Sources */ = {isa = PBXBuildFile; fileRef = 1EB60FEDF5E94D8191734B6F /* QwenASREngine.swift */; };
		58450EAB08009D3C91BF4F82 /* MeetingRetranscribeLauncher.swift in Sources */ = {isa = PBXBuildFile; fileRef = 6BD53630FE0DA55E9C30C6BB /* MeetingRetranscribeLauncher.swift */; };
		6186F28D60B5C253740B2E65 /* CustomToggleStyle.swift in Sources */ = {isa = PBXBuildFile; fileRef = 7D75F84D4D9FE24AF126E7F6 /* CustomToggleStyle.swift */; };
		61DADCB3119CF4869D33DB42 /* ITNProcessor.swift in Sources */ = {isa = PBXBuildFile; fileRef = 42DA3A25C785CD5B14C92985 /* ITNProcessor.swift */; };
		7EA8D7F404B0CE60D24B9739 /* ColorExtension.swift in Sources */ = {isa = PBXBuildFile; fileRef = 3F7BA11380EF31646A7BA102 /* ColorExtension.swift */; };
		8991F91256FDF59163C28D83 /* KeychainStore.swift in Sources */ = {isa = PBXBuildFile; fileRef = 3B2AAFBFF0AAEE8432F2E0D5 /* KeychainStore.swift */; };
		8F631923BE8E8856B08B5512 /* MeetingTab.swift in Sources */ = {isa = PBXBuildFile; fileRef = 203370AF9682A2FA61CB1ABF /* MeetingTab.swift */; };
		956CDDFB534C4994CFEE9880 /* OnboardingView.swift in Sources */ = {isa = PBXBuildFile; fileRef = ABD1A6E655F1682E7A0FBDC6 /* OnboardingView.swift */; };
		96490F88FCBBFDA70C10A4EE /* HistoryTab.swift in Sources */ = {isa = PBXBuildFile; fileRef = 0B0A5A16F34E00C6669E0206 /* HistoryTab.swift */; };
		986147337045855AEF9ECB66 /* MeetingRetranscriber.swift in Sources */ = {isa = PBXBuildFile; fileRef = 1126D1FEA0547E4CAC45EF02 /* MeetingRetranscriber.swift */; };
		9DB48B06213FA604801C604A /* Assets.xcassets in Resources */ = {isa = PBXBuildFile; fileRef = 048ACD2D78A4BE1F55C47CF8 /* Assets.xcassets */; };
		A8EE58767A9A74BE9D593EA9 /* PermissionManager.swift in Sources */ = {isa = PBXBuildFile; fileRef = 620E1E1E4C5B081D83135582 /* PermissionManager.swift */; };
		B228373FD03B1E71B248B48D /* Protocols.swift in Sources */ = {isa = PBXBuildFile; fileRef = C22EFEB119EE45D33BE1D49A /* Protocols.swift */; };
		B2FCBB6132034E93FA175416 /* VoiceBubble.entitlements.xml in Resources */ = {isa = PBXBuildFile; fileRef = 036A6AC09AF77C67F28A7F40 /* VoiceBubble.entitlements.xml */; };
		CDFC20AE8EA9E3D2DB8ACD3B /* VolcanoASREngine.swift in Sources */ = {isa = PBXBuildFile; fileRef = 4C00B1E04BA328401E3E0DDC /* VolcanoASREngine.swift */; };
		CE6C3CC3DA5A340A6B58EF11 /* SectionHeader.swift in Sources */ = {isa = PBXBuildFile; fileRef = 60686020E65A63811B497B59 /* SectionHeader.swift */; };
		D0098AA3733286D351446A8C /* MainWindow.swift in Sources */ = {isa = PBXBuildFile; fileRef = 7442E9E6C97095E0F7C5A948 /* MainWindow.swift */; };
		D47933BDACBF9371E5DE0482 /* PermissionWarningSection.swift in Sources */ = {isa = PBXBuildFile; fileRef = 9E9BE3AEC870F10CF6B6E202 /* PermissionWarningSection.swift */; };
		D4BE989032B25239040F7DE6 /* FillerRemover.swift in Sources */ = {isa = PBXBuildFile; fileRef = B60BF2DBB8B0A34F6FFE5BF4 /* FillerRemover.swift */; };
		DBDBAE64F412960129610C55 /* MenuBarController.swift in Sources */ = {isa = PBXBuildFile; fileRef = F8BEAE2A041CFA3A1CCDF7EF /* MenuBarController.swift */; };
		DC2ED5C2E16E702685A92F1D /* VoiceSettingsSection.swift in Sources */ = {isa = PBXBuildFile; fileRef = 632E90D07AE538A30E6CCF9A /* VoiceSettingsSection.swift */; };
		E51EDA26424DFDABD082B3EE /* MeetingSummarizer.swift in Sources */ = {isa = PBXBuildFile; fileRef = C96966F0D25C10C240713BF9 /* MeetingSummarizer.swift */; };
		E64E7471354613EC9529E28D /* MeetingSettingsSection.swift in Sources */ = {isa = PBXBuildFile; fileRef = EE7719E75B725C481E85839C /* MeetingSettingsSection.swift */; };
		EC44067CB862C952CB1C592E /* MLXMemoryGovernor.swift in Sources */ = {isa = PBXBuildFile; fileRef = BB81C2B3EA5E1BA0D6AE9B86 /* MLXMemoryGovernor.swift */; };
		F78100495DB3A24F9A4BBF01 /* ConfigManager.swift in Sources */ = {isa = PBXBuildFile; fileRef = E9C0EC612CA593D492A90CED /* ConfigManager.swift */; };
		F94C14C2E1382F1DC9194D1A /* VoiceService.swift in Sources */ = {isa = PBXBuildFile; fileRef = 235AD1F2D399209B893EED95 /* VoiceService.swift */; };
		C0DE5001000000000000ABC1 /* Spacing.swift in Sources */ = {isa = PBXBuildFile; fileRef = C0DE5001000000000000ABC2 /* Spacing.swift */; };
		C0DE5002000000000000ABC1 /* MonoTextExtension.swift in Sources */ = {isa = PBXBuildFile; fileRef = C0DE5002000000000000ABC2 /* MonoTextExtension.swift */; };
		C0DE5003000000000000ABC1 /* CodexButtonStyles.swift in Sources */ = {isa = PBXBuildFile; fileRef = C0DE5003000000000000ABC2 /* CodexButtonStyles.swift */; };
		C0DE5004000000000000ABC1 /* CodexBadge.swift in Sources */ = {isa = PBXBuildFile; fileRef = C0DE5004000000000000ABC2 /* CodexBadge.swift */; };
/* End PBXBuildFile section */

/* Begin PBXFileReference section */
		00BE49DD9F3CDA21D76AE890 /* AppleASREngine.swift */ = {isa = PBXFileReference; lastKnownFileType = sourcecode.swift; path = AppleASREngine.swift; sourceTree = "<group>"; };
		036A6AC09AF77C67F28A7F40 /* VoiceBubble.entitlements.xml */ = {isa = PBXFileReference; lastKnownFileType = text.xml; path = VoiceBubble.entitlements.xml; sourceTree = "<group>"; };
		048ACD2D78A4BE1F55C47CF8 /* Assets.xcassets */ = {isa = PBXFileReference; lastKnownFileType = folder.assetcatalog; path = Assets.xcassets; sourceTree = "<group>"; };
		07ED73B4581A7BF408FDC6C9 /* VoiceBubble.entitlements */ = {isa = PBXFileReference; lastKnownFileType = text.plist.entitlements; path = VoiceBubble.entitlements; sourceTree = "<group>"; };
		0B0A5A16F34E00C6669E0206 /* HistoryTab.swift */ = {isa = PBXFileReference; lastKnownFileType = sourcecode.swift; path = HistoryTab.swift; sourceTree = "<group>"; };
		1126D1FEA0547E4CAC45EF02 /* MeetingRetranscriber.swift */ = {isa = PBXFileReference; lastKnownFileType = sourcecode.swift; path = MeetingRetranscriber.swift; sourceTree = "<group>"; };
		19D88D79313BAE73B4CCD305 /* GeneralSettingsSection.swift */ = {isa = PBXFileReference; lastKnownFileType = sourcecode.swift; path = GeneralSettingsSection.swift; sourceTree = "<group>"; };
		1E57A9BFBF9035E07F6C09D4 /* VoiceTab.swift */ = {isa = PBXFileReference; lastKnownFileType = sourcecode.swift; path = VoiceTab.swift; sourceTree = "<group>"; };
		1EB60FEDF5E94D8191734B6F /* QwenASREngine.swift */ = {isa = PBXFileReference; lastKnownFileType = sourcecode.swift; path = QwenASREngine.swift; sourceTree = "<group>"; };
		1F183243D43EB34CD53BB456 /* TextProcessor.swift */ = {isa = PBXFileReference; lastKnownFileType = sourcecode.swift; path = TextProcessor.swift; sourceTree = "<group>"; };
		203370AF9682A2FA61CB1ABF /* MeetingTab.swift */ = {isa = PBXFileReference; lastKnownFileType = sourcecode.swift; path = MeetingTab.swift; sourceTree = "<group>"; };
		235AD1F2D399209B893EED95 /* VoiceService.swift */ = {isa = PBXFileReference; lastKnownFileType = sourcecode.swift; path = VoiceService.swift; sourceTree = "<group>"; };
		2BC37A07D42227FDFB376853 /* VoiceBubble.app */ = {isa = PBXFileReference; explicitFileType = wrapper.application; includeInIndex = 0; path = VoiceBubble.app; sourceTree = BUILT_PRODUCTS_DIR; };
		3B2AAFBFF0AAEE8432F2E0D5 /* KeychainStore.swift */ = {isa = PBXFileReference; lastKnownFileType = sourcecode.swift; path = KeychainStore.swift; sourceTree = "<group>"; };
		3C7805DBBBCFC1E60715F976 /* DebugLog.swift */ = {isa = PBXFileReference; lastKnownFileType = sourcecode.swift; path = DebugLog.swift; sourceTree = "<group>"; };
		3F7BA11380EF31646A7BA102 /* ColorExtension.swift */ = {isa = PBXFileReference; lastKnownFileType = sourcecode.swift; path = ColorExtension.swift; sourceTree = "<group>"; };
		410268E9906BC1DB3E7A1BAB /* VoiceBubbleApp.swift */ = {isa = PBXFileReference; lastKnownFileType = sourcecode.swift; path = VoiceBubbleApp.swift; sourceTree = "<group>"; };
		42DA3A25C785CD5B14C92985 /* ITNProcessor.swift */ = {isa = PBXFileReference; lastKnownFileType = sourcecode.swift; path = ITNProcessor.swift; sourceTree = "<group>"; };
		4C00B1E04BA328401E3E0DDC /* VolcanoASREngine.swift */ = {isa = PBXFileReference; lastKnownFileType = sourcecode.swift; path = VolcanoASREngine.swift; sourceTree = "<group>"; };
		4EDAE46B8C79549CD46B72BA /* KeyboardListener.swift */ = {isa = PBXFileReference; lastKnownFileType = sourcecode.swift; path = KeyboardListener.swift; sourceTree = "<group>"; };
		F0C7B1A9000000000000ABCD /* FocusObserver.swift */ = {isa = PBXFileReference; lastKnownFileType = sourcecode.swift; path = FocusObserver.swift; sourceTree = "<group>"; };
		56A6496C140BCF8F40ED2078 /* LLMClient.swift */ = {isa = PBXFileReference; lastKnownFileType = sourcecode.swift; path = LLMClient.swift; sourceTree = "<group>"; };
		60686020E65A63811B497B59 /* SectionHeader.swift */ = {isa = PBXFileReference; lastKnownFileType = sourcecode.swift; path = SectionHeader.swift; sourceTree = "<group>"; };
		620E1E1E4C5B081D83135582 /* PermissionManager.swift */ = {isa = PBXFileReference; lastKnownFileType = sourcecode.swift; path = PermissionManager.swift; sourceTree = "<group>"; };
		632E90D07AE538A30E6CCF9A /* VoiceSettingsSection.swift */ = {isa = PBXFileReference; lastKnownFileType = sourcecode.swift; path = VoiceSettingsSection.swift; sourceTree = "<group>"; };
		6643A2263C6C2528CF0CF6D6 /* Info.plist */ = {isa = PBXFileReference; lastKnownFileType = text.plist; path = Info.plist; sourceTree = "<group>"; };
		66F087836C32C7C27E4AD98B /* AppConfig.swift */ = {isa = PBXFileReference; lastKnownFileType = sourcecode.swift; path = AppConfig.swift; sourceTree = "<group>"; };
		69D4E2E09821D239DA8BBAC9 /* SettingsTab.swift */ = {isa = PBXFileReference; lastKnownFileType = sourcecode.swift; path = SettingsTab.swift; sourceTree = "<group>"; };
		6B0370CCAF6C2DD5C9FA144A /* FlowLayout.swift */ = {isa = PBXFileReference; lastKnownFileType = sourcecode.swift; path = FlowLayout.swift; sourceTree = "<group>"; };
		6BD53630FE0DA55E9C30C6BB /* MeetingRetranscribeLauncher.swift */ = {isa = PBXFileReference; lastKnownFileType = sourcecode.swift; path = MeetingRetranscribeLauncher.swift; sourceTree = "<group>"; };
		7242B98BA73D663BD00EAB84 /* Speech.framework */ = {isa = PBXFileReference; lastKnownFileType = wrapper.framework; name = Speech.framework; path = System/Library/Frameworks/Speech.framework; sourceTree = SDKROOT; };
		7442E9E6C97095E0F7C5A948 /* MainWindow.swift */ = {isa = PBXFileReference; lastKnownFileType = sourcecode.swift; path = MainWindow.swift; sourceTree = "<group>"; };
		756328E9482AE18635C72B48 /* Types.swift */ = {isa = PBXFileReference; lastKnownFileType = sourcecode.swift; path = Types.swift; sourceTree = "<group>"; };
		78C2DF426A804646C9F98185 /* MeetingService.swift */ = {isa = PBXFileReference; lastKnownFileType = sourcecode.swift; path = MeetingService.swift; sourceTree = "<group>"; };
		7C1334297348B9BD28EC251D /* RecordingOverlayPanel.swift */ = {isa = PBXFileReference; lastKnownFileType = sourcecode.swift; path = RecordingOverlayPanel.swift; sourceTree = "<group>"; };
		7D75F84D4D9FE24AF126E7F6 /* CustomToggleStyle.swift */ = {isa = PBXFileReference; lastKnownFileType = sourcecode.swift; path = CustomToggleStyle.swift; sourceTree = "<group>"; };
		9E9BE3AEC870F10CF6B6E202 /* PermissionWarningSection.swift */ = {isa = PBXFileReference; lastKnownFileType = sourcecode.swift; path = PermissionWarningSection.swift; sourceTree = "<group>"; };
		ABD1A6E655F1682E7A0FBDC6 /* OnboardingView.swift */ = {isa = PBXFileReference; lastKnownFileType = sourcecode.swift; path = OnboardingView.swift; sourceTree = "<group>"; };
		AF46D85AE1316AE8C126DAC2 /* RecordingWaveformView.swift */ = {isa = PBXFileReference; lastKnownFileType = sourcecode.swift; path = RecordingWaveformView.swift; sourceTree = "<group>"; };
		B60BF2DBB8B0A34F6FFE5BF4 /* FillerRemover.swift */ = {isa = PBXFileReference; lastKnownFileType = sourcecode.swift; path = FillerRemover.swift; sourceTree = "<group>"; };
		BB81C2B3EA5E1BA0D6AE9B86 /* MLXMemoryGovernor.swift */ = {isa = PBXFileReference; lastKnownFileType = sourcecode.swift; path = MLXMemoryGovernor.swift; sourceTree = "<group>"; };
		BC9ED472DB3365F18D92D927 /* ThemeManager.swift */ = {isa = PBXFileReference; lastKnownFileType = sourcecode.swift; path = ThemeManager.swift; sourceTree = "<group>"; };
		C22EFEB119EE45D33BE1D49A /* Protocols.swift */ = {isa = PBXFileReference; lastKnownFileType = sourcecode.swift; path = Protocols.swift; sourceTree = "<group>"; };
		C96966F0D25C10C240713BF9 /* MeetingSummarizer.swift */ = {isa = PBXFileReference; lastKnownFileType = sourcecode.swift; path = MeetingSummarizer.swift; sourceTree = "<group>"; };
		CCA0644D7956319E8EA7539C /* TextInjector.swift */ = {isa = PBXFileReference; lastKnownFileType = sourcecode.swift; path = TextInjector.swift; sourceTree = "<group>"; };
		D3901007AB10B5F54D73ABDA /* AboutTab.swift */ = {isa = PBXFileReference; lastKnownFileType = sourcecode.swift; path = AboutTab.swift; sourceTree = "<group>"; };
		E9C0EC612CA593D492A90CED /* ConfigManager.swift */ = {isa = PBXFileReference; lastKnownFileType = sourcecode.swift; path = ConfigManager.swift; sourceTree = "<group>"; };
		EE7719E75B725C481E85839C /* MeetingSettingsSection.swift */ = {isa = PBXFileReference; lastKnownFileType = sourcecode.swift; path = MeetingSettingsSection.swift; sourceTree = "<group>"; };
		F74AB8CBA551DDF844620474 /* ScreenCaptureKit.framework */ = {isa = PBXFileReference; lastKnownFileType = wrapper.framework; name = ScreenCaptureKit.framework; path = System/Library/Frameworks/ScreenCaptureKit.framework; sourceTree = SDKROOT; };
		F8BEAE2A041CFA3A1CCDF7EF /* MenuBarController.swift */ = {isa = PBXFileReference; lastKnownFileType = sourcecode.swift; path = MenuBarController.swift; sourceTree = "<group>"; };
		FA9D2A17C810FBCF1961FF9A /* HistoryManager.swift */ = {isa = PBXFileReference; lastKnownFileType = sourcecode.swift; path = HistoryManager.swift; sourceTree = "<group>"; };
		C0DE5001000000000000ABC2 /* Spacing.swift */ = {isa = PBXFileReference; lastKnownFileType = sourcecode.swift; path = Spacing.swift; sourceTree = "<group>"; };
		C0DE5002000000000000ABC2 /* MonoTextExtension.swift */ = {isa = PBXFileReference; lastKnownFileType = sourcecode.swift; path = MonoTextExtension.swift; sourceTree = "<group>"; };
		C0DE5003000000000000ABC2 /* CodexButtonStyles.swift */ = {isa = PBXFileReference; lastKnownFileType = sourcecode.swift; path = CodexButtonStyles.swift; sourceTree = "<group>"; };
		C0DE5004000000000000ABC2 /* CodexBadge.swift */ = {isa = PBXFileReference; lastKnownFileType = sourcecode.swift; path = CodexBadge.swift; sourceTree = "<group>"; };
/* End PBXFileReference section */

/* Begin PBXFrameworksBuildPhase section */
		57670892F1BA204BA89E2D95 /* Frameworks */ = {
			isa = PBXFrameworksBuildPhase;
			buildActionMask = 2147483647;
			files = (
				230EA3EAB5EA8099413D1E62 /* Qwen3ASR in Frameworks */,
				31F409A91CB67A6F955158A8 /* SpeechVAD in Frameworks */,
				400E9342B3D19AB98C5202F2 /* AudioCommon in Frameworks */,
				2DDABB80B66EE21750857F8A /* MLX in Frameworks */,
				1808533ACD8443768AADC074 /* ScreenCaptureKit.framework in Frameworks */,
				40A3106ECCDAB0699B2D538C /* Speech.framework in Frameworks */,
			);
			runOnlyForDeploymentPostprocessing = 0;
		};
/* End PBXFrameworksBuildPhase section */

/* Begin PBXGroup section */
		0B11691C5A7A6C41EBE1CBEC /* Sections */ = {
			isa = PBXGroup;
			children = (
				19D88D79313BAE73B4CCD305 /* GeneralSettingsSection.swift */,
				EE7719E75B725C481E85839C /* MeetingSettingsSection.swift */,
				9E9BE3AEC870F10CF6B6E202 /* PermissionWarningSection.swift */,
				632E90D07AE538A30E6CCF9A /* VoiceSettingsSection.swift */,
			);
			path = Sections;
			sourceTree = "<group>";
		};
		0D61F3B4E047B01D0C5FD73B /* Services */ = {
			isa = PBXGroup;
			children = (
				E9C0EC612CA593D492A90CED /* ConfigManager.swift */,
				FA9D2A17C810FBCF1961FF9A /* HistoryManager.swift */,
				3B2AAFBFF0AAEE8432F2E0D5 /* KeychainStore.swift */,
				620E1E1E4C5B081D83135582 /* PermissionManager.swift */,
			);
			path = Services;
			sourceTree = "<group>";
		};
		3FFAFEAE3C797C3E68B5BAF3 /* Meeting */ = {
			isa = PBXGroup;
			children = (
				6BD53630FE0DA55E9C30C6BB /* MeetingRetranscribeLauncher.swift */,
				1126D1FEA0547E4CAC45EF02 /* MeetingRetranscriber.swift */,
				78C2DF426A804646C9F98185 /* MeetingService.swift */,
				C96966F0D25C10C240713BF9 /* MeetingSummarizer.swift */,
			);
			path = Meeting;
			sourceTree = "<group>";
		};
		5976A3A4368E7B07C3B594EC /* Products */ = {
			isa = PBXGroup;
			children = (
				2BC37A07D42227FDFB376853 /* VoiceBubble.app */,
			);
			name = Products;
			sourceTree = "<group>";
		};
		62491A88CB658551986AD87F /* Shared */ = {
			isa = PBXGroup;
			children = (
				66F087836C32C7C27E4AD98B /* AppConfig.swift */,
				3C7805DBBBCFC1E60715F976 /* DebugLog.swift */,
				C22EFEB119EE45D33BE1D49A /* Protocols.swift */,
				BC9ED472DB3365F18D92D927 /* ThemeManager.swift */,
				756328E9482AE18635C72B48 /* Types.swift */,
			);
			path = Shared;
			sourceTree = "<group>";
		};
		69BA9534946BDA39C733A8A6 /* VoiceBubble */ = {
			isa = PBXGroup;
			children = (
				FD37CC8F24C169A9CB33E69F /* Backend */,
				EAC7DDC635401CE49DEEADF2 /* Frontend */,
				62491A88CB658551986AD87F /* Shared */,
				048ACD2D78A4BE1F55C47CF8 /* Assets.xcassets */,
				6643A2263C6C2528CF0CF6D6 /* Info.plist */,
				07ED73B4581A7BF408FDC6C9 /* VoiceBubble.entitlements */,
				036A6AC09AF77C67F28A7F40 /* VoiceBubble.entitlements.xml */,
				410268E9906BC1DB3E7A1BAB /* VoiceBubbleApp.swift */,
			);
			path = VoiceBubble;
			sourceTree = "<group>";
		};
		778F1003E9FE2901EDF392DD = {
			isa = PBXGroup;
			children = (
				69BA9534946BDA39C733A8A6 /* VoiceBubble */,
				CD518F44F378245B2D212478 /* Frameworks */,
				5976A3A4368E7B07C3B594EC /* Products */,
			);
			sourceTree = "<group>";
		};
		90F3CB5CF58FC39220075883 /* Voice */ = {
			isa = PBXGroup;
			children = (
				00BE49DD9F3CDA21D76AE890 /* AppleASREngine.swift */,
				B60BF2DBB8B0A34F6FFE5BF4 /* FillerRemover.swift */,
				F0C7B1A9000000000000ABCD /* FocusObserver.swift */,
				42DA3A25C785CD5B14C92985 /* ITNProcessor.swift */,
				4EDAE46B8C79549CD46B72BA /* KeyboardListener.swift */,
				56A6496C140BCF8F40ED2078 /* LLMClient.swift */,
				BB81C2B3EA5E1BA0D6AE9B86 /* MLXMemoryGovernor.swift */,
				1EB60FEDF5E94D8191734B6F /* QwenASREngine.swift */,
				CCA0644D7956319E8EA7539C /* TextInjector.swift */,
				1F183243D43EB34CD53BB456 /* TextProcessor.swift */,
				235AD1F2D399209B893EED95 /* VoiceService.swift */,
				4C00B1E04BA328401E3E0DDC /* VolcanoASREngine.swift */,
			);
			path = Voice;
			sourceTree = "<group>";
		};
		C130765079EE763B74D2A1FD /* Tabs */ = {
			isa = PBXGroup;
			children = (
				0B11691C5A7A6C41EBE1CBEC /* Sections */,
				D3901007AB10B5F54D73ABDA /* AboutTab.swift */,
				0B0A5A16F34E00C6669E0206 /* HistoryTab.swift */,
				203370AF9682A2FA61CB1ABF /* MeetingTab.swift */,
				69D4E2E09821D239DA8BBAC9 /* SettingsTab.swift */,
				1E57A9BFBF9035E07F6C09D4 /* VoiceTab.swift */,
			);
			path = Tabs;
			sourceTree = "<group>";
		};
		CD518F44F378245B2D212478 /* Frameworks */ = {
			isa = PBXGroup;
			children = (
				F74AB8CBA551DDF844620474 /* ScreenCaptureKit.framework */,
				7242B98BA73D663BD00EAB84 /* Speech.framework */,
			);
			name = Frameworks;
			sourceTree = "<group>";
		};
		E61FD817EA8AEBB0826D27FC /* Components */ = {
			isa = PBXGroup;
			children = (
				3F7BA11380EF31646A7BA102 /* ColorExtension.swift */,
				7D75F84D4D9FE24AF126E7F6 /* CustomToggleStyle.swift */,
				6B0370CCAF6C2DD5C9FA144A /* FlowLayout.swift */,
				7C1334297348B9BD28EC251D /* RecordingOverlayPanel.swift */,
				AF46D85AE1316AE8C126DAC2 /* RecordingWaveformView.swift */,
				C0DE5001000000000000ABC2 /* Spacing.swift */,
				C0DE5002000000000000ABC2 /* MonoTextExtension.swift */,
				C0DE5003000000000000ABC2 /* CodexButtonStyles.swift */,
				C0DE5004000000000000ABC2 /* CodexBadge.swift */,
				60686020E65A63811B497B59 /* SectionHeader.swift */,
			);
			path = Components;
			sourceTree = "<group>";
		};
		EAC7DDC635401CE49DEEADF2 /* Frontend */ = {
			isa = PBXGroup;
			children = (
				E61FD817EA8AEBB0826D27FC /* Components */,
				C130765079EE763B74D2A1FD /* Tabs */,
				7442E9E6C97095E0F7C5A948 /* MainWindow.swift */,
				F8BEAE2A041CFA3A1CCDF7EF /* MenuBarController.swift */,
				ABD1A6E655F1682E7A0FBDC6 /* OnboardingView.swift */,
			);
			path = Frontend;
			sourceTree = "<group>";
		};
		FD37CC8F24C169A9CB33E69F /* Backend */ = {
			isa = PBXGroup;
			children = (
				3FFAFEAE3C797C3E68B5BAF3 /* Meeting */,
				0D61F3B4E047B01D0C5FD73B /* Services */,
				90F3CB5CF58FC39220075883 /* Voice */,
			);
			path = Backend;
			sourceTree = "<group>";
		};
/* End PBXGroup section */

/* Begin PBXNativeTarget section */
		ECB33C30F0A216E21CCBA709 /* VoiceBubble */ = {
			isa = PBXNativeTarget;
			buildConfigurationList = C3ED6B9B6A71DEAE1BFFF63F /* Build configuration list for PBXNativeTarget "VoiceBubble" */;
			buildPhases = (
				71B824825969B597B3D9F628 /* Sources */,
				8C1EEC8814DCF60EDB83BCF4 /* Resources */,
				57670892F1BA204BA89E2D95 /* Frameworks */,
			);
			buildRules = (
			);
			dependencies = (
			);
			name = VoiceBubble;
			packageProductDependencies = (
				2F0639CF9546F8F1CA9ADAD3 /* Qwen3ASR */,
				41EAF680E4AF8A7940A3331B /* SpeechVAD */,
				E207494BE71064065E8DBEAF /* AudioCommon */,
				17BBB08D3FA8A0AB23D48FAC /* MLX */,
			);
			productName = VoiceBubble;
			productReference = 2BC37A07D42227FDFB376853 /* VoiceBubble.app */;
			productType = "com.apple.product-type.application";
		};
/* End PBXNativeTarget section */

/* Begin PBXProject section */
		A584FEE61E0E40B17D7E9399 /* Project object */ = {
			isa = PBXProject;
			attributes = {
				BuildIndependentTargetsInParallel = YES;
				LastUpgradeCheck = 1600;
				TargetAttributes = {
					ECB33C30F0A216E21CCBA709 = {
						ProvisioningStyle = Manual;
					};
				};
			};
			buildConfigurationList = AE6922060C43B6420B05B6FE /* Build configuration list for PBXProject "VoiceBubble" */;
			developmentRegion = en;
			hasScannedForEncodings = 0;
			knownRegions = (
				Base,
				en,
			);
			mainGroup = 778F1003E9FE2901EDF392DD;
			minimizedProjectReferenceProxies = 1;
			packageReferences = (
				7F11B0195DE09CD751737460 /* XCRemoteSwiftPackageReference "mlx-swift" */,
				EC3E3510EE70DD74873DECAA /* XCRemoteSwiftPackageReference "speech-swift" */,
			);
			preferredProjectObjectVersion = 77;
			productRefGroup = 5976A3A4368E7B07C3B594EC /* Products */;
			projectDirPath = "";
			projectRoot = "";
			targets = (
				ECB33C30F0A216E21CCBA709 /* VoiceBubble */,
			);
		};
/* End PBXProject section */

/* Begin PBXResourcesBuildPhase section */
		8C1EEC8814DCF60EDB83BCF4 /* Resources */ = {
			isa = PBXResourcesBuildPhase;
			buildActionMask = 2147483647;
			files = (
				9DB48B06213FA604801C604A /* Assets.xcassets in Resources */,
				B2FCBB6132034E93FA175416 /* VoiceBubble.entitlements.xml in Resources */,
			);
			runOnlyForDeploymentPostprocessing = 0;
		};
/* End PBXResourcesBuildPhase section */

/* Begin PBXSourcesBuildPhase section */
		71B824825969B597B3D9F628 /* Sources */ = {
			isa = PBXSourcesBuildPhase;
			buildActionMask = 2147483647;
			files = (
				526FC675F23A32DE52E0A2B3 /* AboutTab.swift in Sources */,
				048C810DEE6BB274953441FE /* AppConfig.swift in Sources */,
				0EAE790AC6928A6F1CFBEB07 /* AppleASREngine.swift in Sources */,
				7EA8D7F404B0CE60D24B9739 /* ColorExtension.swift in Sources */,
				F78100495DB3A24F9A4BBF01 /* ConfigManager.swift in Sources */,
				6186F28D60B5C253740B2E65 /* CustomToggleStyle.swift in Sources */,
				1C2949913F9EF0B75C6B813D /* DebugLog.swift in Sources */,
				D4BE989032B25239040F7DE6 /* FillerRemover.swift in Sources */,
				36007287DC63FAC2B7127A3A /* FlowLayout.swift in Sources */,
				378D96FFC35CA5475693F68A /* GeneralSettingsSection.swift in Sources */,
				169B394ED774F8DD819FC6FC /* HistoryManager.swift in Sources */,
				96490F88FCBBFDA70C10A4EE /* HistoryTab.swift in Sources */,
				61DADCB3119CF4869D33DB42 /* ITNProcessor.swift in Sources */,
				3F9D8914CFCD9A53E8C8AB50 /* KeyboardListener.swift in Sources */,
				F0C7B1A9000000000000ABCE /* FocusObserver.swift in Sources */,
				C0DE5001000000000000ABC1 /* Spacing.swift in Sources */,
				C0DE5002000000000000ABC1 /* MonoTextExtension.swift in Sources */,
				C0DE5003000000000000ABC1 /* CodexButtonStyles.swift in Sources */,
				C0DE5004000000000000ABC1 /* CodexBadge.swift in Sources */,
				8991F91256FDF59163C28D83 /* KeychainStore.swift in Sources */,
				1BB43B0D4017C3C910E75931 /* LLMClient.swift in Sources */,
				EC44067CB862C952CB1C592E /* MLXMemoryGovernor.swift in Sources */,
				D0098AA3733286D351446A8C /* MainWindow.swift in Sources */,
				58450EAB08009D3C91BF4F82 /* MeetingRetranscribeLauncher.swift in Sources */,
				986147337045855AEF9ECB66 /* MeetingRetranscriber.swift in Sources */,
				0CC6DE6C1FB6BE084ABA5ECA /* MeetingService.swift in Sources */,
				E64E7471354613EC9529E28D /* MeetingSettingsSection.swift in Sources */,
				E51EDA26424DFDABD082B3EE /* MeetingSummarizer.swift in Sources */,
				8F631923BE8E8856B08B5512 /* MeetingTab.swift in Sources */,
				DBDBAE64F412960129610C55 /* MenuBarController.swift in Sources */,
				956CDDFB534C4994CFEE9880 /* OnboardingView.swift in Sources */,
				A8EE58767A9A74BE9D593EA9 /* PermissionManager.swift in Sources */,
				D47933BDACBF9371E5DE0482 /* PermissionWarningSection.swift in Sources */,
				B228373FD03B1E71B248B48D /* Protocols.swift in Sources */,
				5409885313BE51EC7040B3A8 /* QwenASREngine.swift in Sources */,
				3AFFD5528CC4598FC21A392F /* RecordingOverlayPanel.swift in Sources */,
				4B72C8D0FB20E1697FB0AFEA /* RecordingWaveformView.swift in Sources */,
				CE6C3CC3DA5A340A6B58EF11 /* SectionHeader.swift in Sources */,
				4CD1656261198212B6D66A12 /* SettingsTab.swift in Sources */,
				3BC033C7C21A081F44AD9756 /* TextInjector.swift in Sources */,
				40C1C0E7510399CA2239FF6D /* TextProcessor.swift in Sources */,
				50A00DE6BC654EB36404F6ED /* ThemeManager.swift in Sources */,
				2F283C0F902B44E66E7374C2 /* Types.swift in Sources */,
				0A6789CA2A774395E0FE1BA4 /* VoiceBubbleApp.swift in Sources */,
				F94C14C2E1382F1DC9194D1A /* VoiceService.swift in Sources */,
				DC2ED5C2E16E702685A92F1D /* VoiceSettingsSection.swift in Sources */,
				02E486FC56A2BDC9CB3EF91E /* VoiceTab.swift in Sources */,
				CDFC20AE8EA9E3D2DB8ACD3B /* VolcanoASREngine.swift in Sources */,
			);
			runOnlyForDeploymentPostprocessing = 0;
		};
/* End PBXSourcesBuildPhase section */

/* Begin XCBuildConfiguration section */
		13BED7B12BBF947F294237E6 /* Release */ = {
			isa = XCBuildConfiguration;
			buildSettings = {
				ASSETCATALOG_COMPILER_APPICON_NAME = AppIcon;
				CODE_SIGN_ENTITLEMENTS = VoiceBubble/VoiceBubble.entitlements;
				COMBINE_HIDPI_IMAGES = YES;
				INFOPLIST_FILE = VoiceBubble/Info.plist;
				LD_RUNPATH_SEARCH_PATHS = (
					"$(inherited)",
					"@executable_path/../Frameworks",
				);
				OTHER_LDFLAGS = (
					"-framework",
					ScreenCaptureKit,
					"-framework",
					Speech,
				);
				PRODUCT_BUNDLE_IDENTIFIER = com.voicebubble.app;
				SDKROOT = macosx;
				SWIFT_STRICT_CONCURRENCY = minimal;
			};
			name = Release;
		};
		39C3E8FCF32DD5FE97F6DB0E /* Debug */ = {
			isa = XCBuildConfiguration;
			buildSettings = {
				ASSETCATALOG_COMPILER_APPICON_NAME = AppIcon;
				CODE_SIGN_ENTITLEMENTS = VoiceBubble/VoiceBubble.entitlements;
				COMBINE_HIDPI_IMAGES = YES;
				INFOPLIST_FILE = VoiceBubble/Info.plist;
				LD_RUNPATH_SEARCH_PATHS = (
					"$(inherited)",
					"@executable_path/../Frameworks",
				);
				OTHER_LDFLAGS = (
					"-framework",
					ScreenCaptureKit,
					"-framework",
					Speech,
				);
				PRODUCT_BUNDLE_IDENTIFIER = com.voicebubble.app;
				SDKROOT = macosx;
				SWIFT_STRICT_CONCURRENCY = minimal;
			};
			name = Debug;
		};
		444EAAECA6B2A37E052C9B4B /* Release */ = {
			isa = XCBuildConfiguration;
			buildSettings = {
				ALWAYS_SEARCH_USER_PATHS = NO;
				ASSETCATALOG_COMPILER_APPICON_NAME = AppIcon;
				ASSETCATALOG_COMPILER_GLOBAL_ACCENT_COLOR_NAME = AccentColor;
				CLANG_ANALYZER_NONNULL = YES;
				CLANG_ANALYZER_NUMBER_OBJECT_CONVERSION = YES_AGGRESSIVE;
				CLANG_CXX_LANGUAGE_STANDARD = "gnu++14";
				CLANG_CXX_LIBRARY = "libc++";
				CLANG_ENABLE_MODULES = YES;
				CLANG_ENABLE_OBJC_ARC = YES;
				CLANG_ENABLE_OBJC_WEAK = YES;
				CLANG_WARN_BLOCK_CAPTURE_AUTORELEASING = YES;
				CLANG_WARN_BOOL_CONVERSION = YES;
				CLANG_WARN_COMMA = YES;
				CLANG_WARN_CONSTANT_CONVERSION = YES;
				CLANG_WARN_DEPRECATED_OBJC_IMPLEMENTATIONS = YES;
				CLANG_WARN_DIRECT_OBJC_ISA_USAGE = YES_ERROR;
				CLANG_WARN_DOCUMENTATION_COMMENTS = YES;
				CLANG_WARN_EMPTY_BODY = YES;
				CLANG_WARN_ENUM_CONVERSION = YES;
				CLANG_WARN_INFINITE_RECURSION = YES;
				CLANG_WARN_INT_CONVERSION = YES;
				CLANG_WARN_NON_LITERAL_NULL_CONVERSION = YES;
				CLANG_WARN_OBJC_IMPLICIT_RETAIN_SELF = YES;
				CLANG_WARN_OBJC_LITERAL_CONVERSION = YES;
				CLANG_WARN_OBJC_ROOT_CLASS = YES_ERROR;
				CLANG_WARN_QUOTED_INCLUDE_IN_FRAMEWORK_HEADER = YES;
				CLANG_WARN_RANGE_LOOP_ANALYSIS = YES;
				CLANG_WARN_STRICT_PROTOTYPES = YES;
				CLANG_WARN_SUSPICIOUS_MOVE = YES;
				CLANG_WARN_UNGUARDED_AVAILABILITY = YES_AGGRESSIVE;
				CLANG_WARN_UNREACHABLE_CODE = YES;
				CLANG_WARN__DUPLICATE_METHOD_MATCH = YES;
				CODE_SIGN_IDENTITY = "VoiceBubble Dev";
				CODE_SIGN_STYLE = Manual;
				COMBINE_HIDPI_IMAGES = YES;
				COPY_PHASE_STRIP = NO;
				DEAD_CODE_STRIPPING = YES;
				DEBUG_INFORMATION_FORMAT = "dwarf-with-dsym";
				ENABLE_HARDENED_RUNTIME = NO;
				ENABLE_NS_ASSERTIONS = NO;
				ENABLE_STRICT_OBJC_MSGSEND = YES;
				GCC_C_LANGUAGE_STANDARD = gnu11;
				GCC_NO_COMMON_BLOCKS = YES;
				GCC_WARN_64_TO_32_BIT_CONVERSION = YES;
				GCC_WARN_ABOUT_RETURN_TYPE = YES_ERROR;
				GCC_WARN_UNDECLARED_SELECTOR = YES;
				GCC_WARN_UNINITIALIZED_AUTOS = YES_AGGRESSIVE;
				GCC_WARN_UNUSED_FUNCTION = YES;
				GCC_WARN_UNUSED_VARIABLE = YES;
				GENERATE_INFOPLIST_FILE = NO;
				MACOSX_DEPLOYMENT_TARGET = 14.0;
				MTL_ENABLE_DEBUG_INFO = NO;
				MTL_FAST_MATH = YES;
				PRODUCT_NAME = "$(TARGET_NAME)";
				SDKROOT = macosx;
				SWIFT_COMPILATION_MODE = wholemodule;
				SWIFT_EMIT_LOC_STRINGS = YES;
				SWIFT_OPTIMIZATION_LEVEL = "-O";
				SWIFT_VERSION = 5.9;
			};
			name = Release;
		};
		5A68A4E3C637196A547E0A7E /* Debug */ = {
			isa = XCBuildConfiguration;
			buildSettings = {
				ALWAYS_SEARCH_USER_PATHS = NO;
				ASSETCATALOG_COMPILER_APPICON_NAME = AppIcon;
				ASSETCATALOG_COMPILER_GLOBAL_ACCENT_COLOR_NAME = AccentColor;
				CLANG_ANALYZER_NONNULL = YES;
				CLANG_ANALYZER_NUMBER_OBJECT_CONVERSION = YES_AGGRESSIVE;
				CLANG_CXX_LANGUAGE_STANDARD = "gnu++14";
				CLANG_CXX_LIBRARY = "libc++";
				CLANG_ENABLE_MODULES = YES;
				CLANG_ENABLE_OBJC_ARC = YES;
				CLANG_ENABLE_OBJC_WEAK = YES;
				CLANG_WARN_BLOCK_CAPTURE_AUTORELEASING = YES;
				CLANG_WARN_BOOL_CONVERSION = YES;
				CLANG_WARN_COMMA = YES;
				CLANG_WARN_CONSTANT_CONVERSION = YES;
				CLANG_WARN_DEPRECATED_OBJC_IMPLEMENTATIONS = YES;
				CLANG_WARN_DIRECT_OBJC_ISA_USAGE = YES_ERROR;
				CLANG_WARN_DOCUMENTATION_COMMENTS = YES;
				CLANG_WARN_EMPTY_BODY = YES;
				CLANG_WARN_ENUM_CONVERSION = YES;
				CLANG_WARN_INFINITE_RECURSION = YES;
				CLANG_WARN_INT_CONVERSION = YES;
				CLANG_WARN_NON_LITERAL_NULL_CONVERSION = YES;
				CLANG_WARN_OBJC_IMPLICIT_RETAIN_SELF = YES;
				CLANG_WARN_OBJC_LITERAL_CONVERSION = YES;
				CLANG_WARN_OBJC_ROOT_CLASS = YES_ERROR;
				CLANG_WARN_QUOTED_INCLUDE_IN_FRAMEWORK_HEADER = YES;
				CLANG_WARN_RANGE_LOOP_ANALYSIS = YES;
				CLANG_WARN_STRICT_PROTOTYPES = YES;
				CLANG_WARN_SUSPICIOUS_MOVE = YES;
				CLANG_WARN_UNGUARDED_AVAILABILITY = YES_AGGRESSIVE;
				CLANG_WARN_UNREACHABLE_CODE = YES;
				CLANG_WARN__DUPLICATE_METHOD_MATCH = YES;
				CODE_SIGN_IDENTITY = "VoiceBubble Dev";
				CODE_SIGN_STYLE = Manual;
				COMBINE_HIDPI_IMAGES = YES;
				COPY_PHASE_STRIP = NO;
				DEAD_CODE_STRIPPING = YES;
				DEBUG_INFORMATION_FORMAT = dwarf;
				ENABLE_HARDENED_RUNTIME = NO;
				ENABLE_STRICT_OBJC_MSGSEND = YES;
				ENABLE_TESTABILITY = YES;
				GCC_C_LANGUAGE_STANDARD = gnu11;
				GCC_DYNAMIC_NO_PIC = NO;
				GCC_NO_COMMON_BLOCKS = YES;
				GCC_OPTIMIZATION_LEVEL = 0;
				GCC_PREPROCESSOR_DEFINITIONS = (
					"$(inherited)",
					"DEBUG=1",
				);
				GCC_WARN_64_TO_32_BIT_CONVERSION = YES;
				GCC_WARN_ABOUT_RETURN_TYPE = YES_ERROR;
				GCC_WARN_UNDECLARED_SELECTOR = YES;
				GCC_WARN_UNINITIALIZED_AUTOS = YES_AGGRESSIVE;
				GCC_WARN_UNUSED_FUNCTION = YES;
				GCC_WARN_UNUSED_VARIABLE = YES;
				GENERATE_INFOPLIST_FILE = NO;
				MACOSX_DEPLOYMENT_TARGET = 14.0;
				MTL_ENABLE_DEBUG_INFO = INCLUDE_SOURCE;
				MTL_FAST_MATH = YES;
				ONLY_ACTIVE_ARCH = YES;
				PRODUCT_NAME = "$(TARGET_NAME)";
				SDKROOT = macosx;
				SWIFT_ACTIVE_COMPILATION_CONDITIONS = DEBUG;
				SWIFT_EMIT_LOC_STRINGS = YES;
				SWIFT_OPTIMIZATION_LEVEL = "-Onone";
				SWIFT_VERSION = 5.9;
			};
			name = Debug;
		};
/* End XCBuildConfiguration section */

/* Begin XCConfigurationList section */
		AE6922060C43B6420B05B6FE /* Build configuration list for PBXProject "VoiceBubble" */ = {
			isa = XCConfigurationList;
			buildConfigurations = (
				5A68A4E3C637196A547E0A7E /* Debug */,
				444EAAECA6B2A37E052C9B4B /* Release */,
			);
			defaultConfigurationIsVisible = 0;
			defaultConfigurationName = Debug;
		};
		C3ED6B9B6A71DEAE1BFFF63F /* Build configuration list for PBXNativeTarget "VoiceBubble" */ = {
			isa = XCConfigurationList;
			buildConfigurations = (
				39C3E8FCF32DD5FE97F6DB0E /* Debug */,
				13BED7B12BBF947F294237E6 /* Release */,
			);
			defaultConfigurationIsVisible = 0;
			defaultConfigurationName = Debug;
		};
/* End XCConfigurationList section */

/* Begin XCRemoteSwiftPackageReference section */
		7F11B0195DE09CD751737460 /* XCRemoteSwiftPackageReference "mlx-swift" */ = {
			isa = XCRemoteSwiftPackageReference;
			repositoryURL = "https://github.com/ml-explore/mlx-swift";
			requirement = {
				kind = upToNextMajorVersion;
				minimumVersion = 0.30.0;
			};
		};
		EC3E3510EE70DD74873DECAA /* XCRemoteSwiftPackageReference "speech-swift" */ = {
			isa = XCRemoteSwiftPackageReference;
			repositoryURL = "https://github.com/soniqo/speech-swift";
			requirement = {
				kind = upToNextMajorVersion;
				minimumVersion = 0.0.7;
			};
		};
/* End XCRemoteSwiftPackageReference section */

/* Begin XCSwiftPackageProductDependency section */
		17BBB08D3FA8A0AB23D48FAC /* MLX */ = {
			isa = XCSwiftPackageProductDependency;
			package = 7F11B0195DE09CD751737460 /* XCRemoteSwiftPackageReference "mlx-swift" */;
			productName = MLX;
		};
		2F0639CF9546F8F1CA9ADAD3 /* Qwen3ASR */ = {
			isa = XCSwiftPackageProductDependency;
			package = EC3E3510EE70DD74873DECAA /* XCRemoteSwiftPackageReference "speech-swift" */;
			productName = Qwen3ASR;
		};
		41EAF680E4AF8A7940A3331B /* SpeechVAD */ = {
			isa = XCSwiftPackageProductDependency;
			package = EC3E3510EE70DD74873DECAA /* XCRemoteSwiftPackageReference "speech-swift" */;
			productName = SpeechVAD;
		};
		E207494BE71064065E8DBEAF /* AudioCommon */ = {
			isa = XCSwiftPackageProductDependency;
			package = EC3E3510EE70DD74873DECAA /* XCRemoteSwiftPackageReference "speech-swift" */;
			productName = AudioCommon;
		};
/* End XCSwiftPackageProductDependency section */
	};
	rootObject = A584FEE61E0E40B17D7E9399 /* Project object */;
}
